// !$*UTF8*$!
{
	archiveVersion = 1;
	classes = {
	};
	objectVersion = 46;
	objects = {

/* Begin PBXBuildFile section */
		8CAD17E157FB8817A6E73F01 /* Pods_PDH.framework in Frameworks */ = {isa = PBXBuildFile; fileRef = B4BA912FC5A57EC7D736722E /* Pods_PDH.framework */; };
		E5026B7C1C1F498000B1839E /* PDHOrderConfirmationViewController.swift in Sources */ = {isa = PBXBuildFile; fileRef = E5026B7B1C1F498000B1839E /* PDHOrderConfirmationViewController.swift */; };
		E5026B7E1C1F49B600B1839E /* PDHOrderConfirmationView.swift in Sources */ = {isa = PBXBuildFile; fileRef = E5026B7D1C1F49B600B1839E /* PDHOrderConfirmationView.swift */; };
		E505D0CC1C1345AA00571A4B /* PDHMenuViewController.swift in Sources */ = {isa = PBXBuildFile; fileRef = E505D0CB1C1345AA00571A4B /* PDHMenuViewController.swift */; };
		E505D0D01C1346C100571A4B /* PDHDishMenuController.swift in Sources */ = {isa = PBXBuildFile; fileRef = E505D0CF1C1346C100571A4B /* PDHDishMenuController.swift */; };
		E50740791C70E00400793AD4 /* FBSDKCoreKit.framework in Frameworks */ = {isa = PBXBuildFile; fileRef = E50740761C70E00400793AD4 /* FBSDKCoreKit.framework */; settings = {ASSET_TAGS = (); }; };
		E507407A1C70E00400793AD4 /* FBSDKLoginKit.framework in Frameworks */ = {isa = PBXBuildFile; fileRef = E50740771C70E00400793AD4 /* FBSDKLoginKit.framework */; settings = {ASSET_TAGS = (); }; };
		E507407B1C70E00400793AD4 /* FBSDKShareKit.framework in Frameworks */ = {isa = PBXBuildFile; fileRef = E50740781C70E00400793AD4 /* FBSDKShareKit.framework */; settings = {ASSET_TAGS = (); }; };
		E50A07041C35932D001F76C9 /* PDHDishcategoryMenu.swift in Sources */ = {isa = PBXBuildFile; fileRef = E50A07031C35932D001F76C9 /* PDHDishcategoryMenu.swift */; };
		E50B9B1A1C8B1EA400F4E0E3 /* FBSDKCoreKit.framework in Frameworks */ = {isa = PBXBuildFile; fileRef = E50B9B171C8B1EA400F4E0E3 /* FBSDKCoreKit.framework */; settings = {ASSET_TAGS = (); }; };
		E50B9B1B1C8B1EA400F4E0E3 /* FBSDKLoginKit.framework in Frameworks */ = {isa = PBXBuildFile; fileRef = E50B9B181C8B1EA400F4E0E3 /* FBSDKLoginKit.framework */; settings = {ASSET_TAGS = (); }; };
		E50B9B1C1C8B1EA400F4E0E3 /* FBSDKShareKit.framework in Frameworks */ = {isa = PBXBuildFile; fileRef = E50B9B191C8B1EA400F4E0E3 /* FBSDKShareKit.framework */; settings = {ASSET_TAGS = (); }; };
		E5189DAD1C077036008CC84C /* LandingViewController.swift in Sources */ = {isa = PBXBuildFile; fileRef = E5189DAC1C077036008CC84C /* LandingViewController.swift */; };
		E5189DB11C07705E008CC84C /* PDHLoginViewController.swift in Sources */ = {isa = PBXBuildFile; fileRef = E5189DB01C07705E008CC84C /* PDHLoginViewController.swift */; };
		E5189DB51C0770DB008CC84C /* PDHLoginView.swift in Sources */ = {isa = PBXBuildFile; fileRef = E5189DB41C0770DB008CC84C /* PDHLoginView.swift */; };
		E5189DB91C0770E5008CC84C /* LandingView.swift in Sources */ = {isa = PBXBuildFile; fileRef = E5189DB81C0770E5008CC84C /* LandingView.swift */; };
		E52F15301C0815E80027DE10 /* PDHHelper.swift in Sources */ = {isa = PBXBuildFile; fileRef = E52F152F1C0815E80027DE10 /* PDHHelper.swift */; };
		E52F15341C081B430027DE10 /* PDHUtilityExtension.swift in Sources */ = {isa = PBXBuildFile; fileRef = E52F15331C081B430027DE10 /* PDHUtilityExtension.swift */; };
		E52F153E1C0823250027DE10 /* PDHRegistrationView.swift in Sources */ = {isa = PBXBuildFile; fileRef = E52F153D1C0823250027DE10 /* PDHRegistrationView.swift */; };
		E52F15401C08233E0027DE10 /* PDHRegistrationController.swift in Sources */ = {isa = PBXBuildFile; fileRef = E52F153F1C08233E0027DE10 /* PDHRegistrationController.swift */; };
		E52F154C1C0883510027DE10 /* PDHViewActionProtocol.swift in Sources */ = {isa = PBXBuildFile; fileRef = E52F154B1C0883510027DE10 /* PDHViewActionProtocol.swift */; };
		E52F15501C0884B70027DE10 /* PDHActionEnum.swift in Sources */ = {isa = PBXBuildFile; fileRef = E52F154F1C0884B70027DE10 /* PDHActionEnum.swift */; };
		E53487241C0F426C00203548 /* PDHMenuScreenController.swift in Sources */ = {isa = PBXBuildFile; fileRef = E53487231C0F426C00203548 /* PDHMenuScreenController.swift */; };
		E53487281C0F42D200203548 /* PDHMenuScreenView.swift in Sources */ = {isa = PBXBuildFile; fileRef = E53487271C0F42D200203548 /* PDHMenuScreenView.swift */; };
		E534872C1C0F5C5C00203548 /* PDHDishSearchTableView.swift in Sources */ = {isa = PBXBuildFile; fileRef = E534872B1C0F5C5C00203548 /* PDHDishSearchTableView.swift */; };
		E535E8D31C1DD07D00B4A9B7 /* PDHEditAddressView.xib in Resources */ = {isa = PBXBuildFile; fileRef = E535E8D21C1DD07D00B4A9B7 /* PDHEditAddressView.xib */; };
		E535E8D51C1DD6E100B4A9B7 /* PDHEditAddressView.swift in Sources */ = {isa = PBXBuildFile; fileRef = E535E8D41C1DD6E100B4A9B7 /* PDHEditAddressView.swift */; };
		E535E8D71C1DD7C200B4A9B7 /* PDHDeliveryAddressCustomCell.swift in Sources */ = {isa = PBXBuildFile; fileRef = E535E8D61C1DD7C200B4A9B7 /* PDHDeliveryAddressCustomCell.swift */; };
		E53AB4421C26C84C007494DA /* 0.png in Resources */ = {isa = PBXBuildFile; fileRef = E53AB43C1C26C84C007494DA /* 0.png */; };
		E53AB4431C26C84C007494DA /* 1.png in Resources */ = {isa = PBXBuildFile; fileRef = E53AB43D1C26C84C007494DA /* 1.png */; };
		E53AB4441C26C84C007494DA /* 2.png in Resources */ = {isa = PBXBuildFile; fileRef = E53AB43E1C26C84C007494DA /* 2.png */; };
		E53AB4451C26C84C007494DA /* 3.png in Resources */ = {isa = PBXBuildFile; fileRef = E53AB43F1C26C84C007494DA /* 3.png */; };
		E53AB4461C26C84C007494DA /* 4.png in Resources */ = {isa = PBXBuildFile; fileRef = E53AB4401C26C84C007494DA /* 4.png */; };
		E53AB4471C26C84C007494DA /* 5.png in Resources */ = {isa = PBXBuildFile; fileRef = E53AB4411C26C84C007494DA /* 5.png */; };
		E53AB4491C26C8A9007494DA /* PDHMenuOptionsCell.swift in Sources */ = {isa = PBXBuildFile; fileRef = E53AB4481C26C8A9007494DA /* PDHMenuOptionsCell.swift */; };
		E53AB44C1C26CE42007494DA /* MenuBg.png in Resources */ = {isa = PBXBuildFile; fileRef = E53AB44A1C26CE42007494DA /* MenuBg.png */; };
		E53AB44D1C26CE42007494DA /* Profile.png in Resources */ = {isa = PBXBuildFile; fileRef = E53AB44B1C26CE42007494DA /* Profile.png */; };
		E53AB44F1C26CECF007494DA /* MenuBg1.png in Resources */ = {isa = PBXBuildFile; fileRef = E53AB44E1C26CECF007494DA /* MenuBg1.png */; };
		E53AB4E21C2FD7FC000E6F07 /* PDHDataManager.swift in Sources */ = {isa = PBXBuildFile; fileRef = E53AB4D11C2FD7FC000E6F07 /* PDHDataManager.swift */; };
		E53AB4E31C2FD7FC000E6F07 /* PDHView.swift in Sources */ = {isa = PBXBuildFile; fileRef = E53AB4D21C2FD7FC000E6F07 /* PDHView.swift */; };
		E53AB4E41C2FD7FC000E6F07 /* PDHViewController.swift in Sources */ = {isa = PBXBuildFile; fileRef = E53AB4D31C2FD7FC000E6F07 /* PDHViewController.swift */; };
		E53AB4E51C2FD7FC000E6F07 /* PDHButton.swift in Sources */ = {isa = PBXBuildFile; fileRef = E53AB4D51C2FD7FC000E6F07 /* PDHButton.swift */; };
		E53AB4E61C2FD7FC000E6F07 /* PDHCustomCircleButton.swift in Sources */ = {isa = PBXBuildFile; fileRef = E53AB4D61C2FD7FC000E6F07 /* PDHCustomCircleButton.swift */; };
		E53AB4E71C2FD7FC000E6F07 /* PDHCustomCircleLabel.swift in Sources */ = {isa = PBXBuildFile; fileRef = E53AB4D71C2FD7FC000E6F07 /* PDHCustomCircleLabel.swift */; };
		E53AB4E81C2FD7FC000E6F07 /* PDHCustomCurveView.swift in Sources */ = {isa = PBXBuildFile; fileRef = E53AB4D81C2FD7FC000E6F07 /* PDHCustomCurveView.swift */; };
		E53AB4E91C2FD7FC000E6F07 /* PDHCustomDishCartView.swift in Sources */ = {isa = PBXBuildFile; fileRef = E53AB4D91C2FD7FC000E6F07 /* PDHCustomDishCartView.swift */; };
		E53AB4EA1C2FD7FC000E6F07 /* PDHCustomDishCartView.xib in Resources */ = {isa = PBXBuildFile; fileRef = E53AB4DA1C2FD7FC000E6F07 /* PDHCustomDishCartView.xib */; };
		E53AB4EB1C2FD7FC000E6F07 /* PDHCustomImageView.swift in Sources */ = {isa = PBXBuildFile; fileRef = E53AB4DB1C2FD7FC000E6F07 /* PDHCustomImageView.swift */; };
		E53AB4EC1C2FD7FC000E6F07 /* PDHCustomStepper.swift in Sources */ = {isa = PBXBuildFile; fileRef = E53AB4DC1C2FD7FC000E6F07 /* PDHCustomStepper.swift */; };
		E53AB4ED1C2FD7FC000E6F07 /* PDHCustomStepper.xib in Resources */ = {isa = PBXBuildFile; fileRef = E53AB4DD1C2FD7FC000E6F07 /* PDHCustomStepper.xib */; };
		E53AB4EE1C2FD7FC000E6F07 /* PDHDataManagerProtocol.swift in Sources */ = {isa = PBXBuildFile; fileRef = E53AB4DF1C2FD7FC000E6F07 /* PDHDataManagerProtocol.swift */; };
		E53AB4EF1C2FD7FC000E6F07 /* PDHNetworkManager.swift in Sources */ = {isa = PBXBuildFile; fileRef = E53AB4E01C2FD7FC000E6F07 /* PDHNetworkManager.swift */; };
		E53AB4F01C2FD7FC000E6F07 /* PDHProgressIndicator.swift in Sources */ = {isa = PBXBuildFile; fileRef = E53AB4E11C2FD7FC000E6F07 /* PDHProgressIndicator.swift */; };
		E53AB4F31C2FD8BD000E6F07 /* PDHErrorAlert.swift in Sources */ = {isa = PBXBuildFile; fileRef = E53AB4F21C2FD8BD000E6F07 /* PDHErrorAlert.swift */; };
		E53AB4F51C2FDCB4000E6F07 /* PDHErrorObject.swift in Sources */ = {isa = PBXBuildFile; fileRef = E53AB4F41C2FDCB4000E6F07 /* PDHErrorObject.swift */; };
		E53AB4F71C2FDD04000E6F07 /* PDHLoginInfoDataObject.swift in Sources */ = {isa = PBXBuildFile; fileRef = E53AB4F61C2FDD04000E6F07 /* PDHLoginInfoDataObject.swift */; };
		E53AB4F91C2FDDD3000E6F07 /* PDHLoginDataParser.swift in Sources */ = {isa = PBXBuildFile; fileRef = E53AB4F81C2FDDD3000E6F07 /* PDHLoginDataParser.swift */; };
		E53AB4FE1C3052B7000E6F07 /* PDHRegistrationDataManager.swift in Sources */ = {isa = PBXBuildFile; fileRef = E53AB4FD1C3052B7000E6F07 /* PDHRegistrationDataManager.swift */; };
		E53AB5001C3053B7000E6F07 /* PDHRegistrationDataParser.swift in Sources */ = {isa = PBXBuildFile; fileRef = E53AB4FF1C3053B7000E6F07 /* PDHRegistrationDataParser.swift */; };
		E53AB5041C30546F000E6F07 /* PDHDataParser.swift in Sources */ = {isa = PBXBuildFile; fileRef = E53AB5031C30546F000E6F07 /* PDHDataParser.swift */; };
		E53C0D1B1C38EF1400DA776E /* PDHMenuContainerViewController.swift in Sources */ = {isa = PBXBuildFile; fileRef = E53C0D1A1C38EF1400DA776E /* PDHMenuContainerViewController.swift */; };
		E53C0D221C38F5A400DA776E /* PDHMyProfileController.swift in Sources */ = {isa = PBXBuildFile; fileRef = E53C0D211C38F5A400DA776E /* PDHMyProfileController.swift */; };
		E53C0D241C38F5B200DA776E /* PDHMyProfileView.swift in Sources */ = {isa = PBXBuildFile; fileRef = E53C0D231C38F5B200DA776E /* PDHMyProfileView.swift */; };
		E53C0D2A1C391C0200DA776E /* PDHRegistrationObject.swift in Sources */ = {isa = PBXBuildFile; fileRef = E53C0D291C391C0200DA776E /* PDHRegistrationObject.swift */; };
		E54D314D1C9D9D4E00CD4D11 /* PDHDishOfWeekDataObject.swift in Sources */ = {isa = PBXBuildFile; fileRef = E54D314C1C9D9D4E00CD4D11 /* PDHDishOfWeekDataObject.swift */; settings = {ASSET_TAGS = (); }; };
		E54D314F1C9D9D8500CD4D11 /* PDHVegDishDataObject.swift in Sources */ = {isa = PBXBuildFile; fileRef = E54D314E1C9D9D8500CD4D11 /* PDHVegDishDataObject.swift */; settings = {ASSET_TAGS = (); }; };
		E54D31511C9D9DAF00CD4D11 /* PDHNonVegDishDataObject.swift in Sources */ = {isa = PBXBuildFile; fileRef = E54D31501C9D9DAF00CD4D11 /* PDHNonVegDishDataObject.swift */; settings = {ASSET_TAGS = (); }; };
		E553E4A91C05F2D9007DD045 /* AppDelegate.swift in Sources */ = {isa = PBXBuildFile; fileRef = E553E4A81C05F2D9007DD045 /* AppDelegate.swift */; };
		E553E4AE1C05F2D9007DD045 /* Main.storyboard in Resources */ = {isa = PBXBuildFile; fileRef = E553E4AC1C05F2D9007DD045 /* Main.storyboard */; };
		E553E4B01C05F2D9007DD045 /* Assets.xcassets in Resources */ = {isa = PBXBuildFile; fileRef = E553E4AF1C05F2D9007DD045 /* Assets.xcassets */; };
		E553E4B31C05F2D9007DD045 /* LaunchScreen.storyboard in Resources */ = {isa = PBXBuildFile; fileRef = E553E4B11C05F2D9007DD045 /* LaunchScreen.storyboard */; };
		E555AB311C6466B2004468D7 /* CoreData.framework in Frameworks */ = {isa = PBXBuildFile; fileRef = E555AB301C6466B2004468D7 /* CoreData.framework */; };
		E555AB331C6466BB004468D7 /* SystemConfiguration.framework in Frameworks */ = {isa = PBXBuildFile; fileRef = E555AB321C6466BB004468D7 /* SystemConfiguration.framework */; };
		E555AB351C646784004468D7 /* libsqlite3.tbd in Frameworks */ = {isa = PBXBuildFile; fileRef = E555AB341C646784004468D7 /* libsqlite3.tbd */; };
		E555AB371C64678C004468D7 /* libz.tbd in Frameworks */ = {isa = PBXBuildFile; fileRef = E555AB361C64678C004468D7 /* libz.tbd */; };
		E56B6D871C17286F003E8E26 /* PDHDishCustomCell.swift in Sources */ = {isa = PBXBuildFile; fileRef = E56B6D861C17286F003E8E26 /* PDHDishCustomCell.swift */; };
		E56B6D8D1C173F47003E8E26 /* PDHMenuView.swift in Sources */ = {isa = PBXBuildFile; fileRef = E56B6D8C1C173F47003E8E26 /* PDHMenuView.swift */; };
		E57C3F2A1CB0F457009615B4 /* PDHAddressDataManager.swift in Sources */ = {isa = PBXBuildFile; fileRef = E57C3F291CB0F457009615B4 /* PDHAddressDataManager.swift */; settings = {ASSET_TAGS = (); }; };
		E57C3F2C1CB0F616009615B4 /* PDHAddressDataParser.swift in Sources */ = {isa = PBXBuildFile; fileRef = E57C3F2B1CB0F616009615B4 /* PDHAddressDataParser.swift */; settings = {ASSET_TAGS = (); }; };
		E57C3F2E1CB0F6E3009615B4 /* PDHUserAddressDataObject.swift in Sources */ = {isa = PBXBuildFile; fileRef = E57C3F2D1CB0F6E3009615B4 /* PDHUserAddressDataObject.swift */; settings = {ASSET_TAGS = (); }; };
		E57C3F301CB1197E009615B4 /* PDHNewAddressViewController.swift in Sources */ = {isa = PBXBuildFile; fileRef = E57C3F2F1CB1197E009615B4 /* PDHNewAddressViewController.swift */; settings = {ASSET_TAGS = (); }; };
		E57C3F321CB119BB009615B4 /* PDHNewAddresView.swift in Sources */ = {isa = PBXBuildFile; fileRef = E57C3F311CB119BB009615B4 /* PDHNewAddresView.swift */; settings = {ASSET_TAGS = (); }; };
		E57C3F341CB12099009615B4 /* PDHExtensions.swift in Sources */ = {isa = PBXBuildFile; fileRef = E57C3F331CB12099009615B4 /* PDHExtensions.swift */; settings = {ASSET_TAGS = (); }; };
		E59825A11C1200D20033F619 /* PDHSlidingMenuController.swift in Sources */ = {isa = PBXBuildFile; fileRef = E59825A01C1200D20033F619 /* PDHSlidingMenuController.swift */; };
		E59825A31C1201200033F619 /* PDHSlidingMenuView.swift in Sources */ = {isa = PBXBuildFile; fileRef = E59825A21C1201200033F619 /* PDHSlidingMenuView.swift */; };
		E59825A51C1203850033F619 /* PDHSlidingMenuCustomCell.swift in Sources */ = {isa = PBXBuildFile; fileRef = E59825A41C1203850033F619 /* PDHSlidingMenuCustomCell.swift */; };
		E59AB2A21C148623003A8F19 /* PDHOrderHistoryController.swift in Sources */ = {isa = PBXBuildFile; fileRef = E59AB2A11C148623003A8F19 /* PDHOrderHistoryController.swift */; };
		E59AB2A61C148632003A8F19 /* PDHOrderHistoryView.swift in Sources */ = {isa = PBXBuildFile; fileRef = E59AB2A51C148632003A8F19 /* PDHOrderHistoryView.swift */; };
		E59B4F3A1C0CBA5400D1B6E7 /* SkiaRegular.ttf in Resources */ = {isa = PBXBuildFile; fileRef = E59B4F391C0CBA5400D1B6E7 /* SkiaRegular.ttf */; };
		E59B4F3E1C0CC39000D1B6E7 /* Info.plist in Resources */ = {isa = PBXBuildFile; fileRef = E553E4B41C05F2D9007DD045 /* Info.plist */; };
		E59E71991C36BCBF00BAF731 /* PDHOrderCart.swift in Sources */ = {isa = PBXBuildFile; fileRef = E59E71981C36BCBF00BAF731 /* PDHOrderCart.swift */; };
		E59E719B1C36C40A00BAF731 /* PDHQuantitySelectorCell.swift in Sources */ = {isa = PBXBuildFile; fileRef = E59E719A1C36C40A00BAF731 /* PDHQuantitySelectorCell.swift */; };
		E59E719D1C36C43C00BAF731 /* PDHQuantitySelectorView.swift in Sources */ = {isa = PBXBuildFile; fileRef = E59E719C1C36C43C00BAF731 /* PDHQuantitySelectorView.swift */; };
		E5B4D40A1CB3FDC100A6BC8F /* PDHCustomTextField.swift in Sources */ = {isa = PBXBuildFile; fileRef = E5B4D4091CB3FDC100A6BC8F /* PDHCustomTextField.swift */; settings = {ASSET_TAGS = (); }; };
		E5C721FB1C2DB6E0005FAFD4 /* PDHCurrentOrderController.swift in Sources */ = {isa = PBXBuildFile; fileRef = E5C721FA1C2DB6E0005FAFD4 /* PDHCurrentOrderController.swift */; };
		E5C721FD1C2DB6F2005FAFD4 /* PDHCurrentOrderView.swift in Sources */ = {isa = PBXBuildFile; fileRef = E5C721FC1C2DB6F2005FAFD4 /* PDHCurrentOrderView.swift */; };
		E5DE86DD1C1D9CB20009EEAC /* PDHDeliveryAddressViewController.swift in Sources */ = {isa = PBXBuildFile; fileRef = E5DE86DC1C1D9CB20009EEAC /* PDHDeliveryAddressViewController.swift */; };
		E5DE86DF1C1D9CFC0009EEAC /* PDHDeliveryAddressView.swift in Sources */ = {isa = PBXBuildFile; fileRef = E5DE86DE1C1D9CFC0009EEAC /* PDHDeliveryAddressView.swift */; };
		E5DF0ED81C2C53360042300F /* PDHAddressBookViewController.swift in Sources */ = {isa = PBXBuildFile; fileRef = E5DF0ED71C2C53360042300F /* PDHAddressBookViewController.swift */; };
		E5DF0EDA1C2C53740042300F /* PDHAddressBookView.swift in Sources */ = {isa = PBXBuildFile; fileRef = E5DF0ED91C2C53740042300F /* PDHAddressBookView.swift */; };
		E5E004491C2EF5530082EED6 /* PDHConstantURL.swift in Sources */ = {isa = PBXBuildFile; fileRef = E5E004481C2EF5530082EED6 /* PDHConstantURL.swift */; };
		E5E0044F1C2EFCE00082EED6 /* PDHLoginDataManager.swift in Sources */ = {isa = PBXBuildFile; fileRef = E5E0044E1C2EFCE00082EED6 /* PDHLoginDataManager.swift */; };
		E5E4935D1C2D6CAF00469745 /* PDHMyOrderViewController.swift in Sources */ = {isa = PBXBuildFile; fileRef = E5E4935C1C2D6CAF00469745 /* PDHMyOrderViewController.swift */; };
		E5E4935F1C2D6CE300469745 /* PDHMyOrderView.swift in Sources */ = {isa = PBXBuildFile; fileRef = E5E4935E1C2D6CE300469745 /* PDHMyOrderView.swift */; };
		E5EF143D1C1D4C450097E70E /* PDHOverlayView.swift in Sources */ = {isa = PBXBuildFile; fileRef = E5EF143C1C1D4C450097E70E /* PDHOverlayView.swift */; };
		E5F44F361C32F1A20047B18D /* PDHMenuDataManager.swift in Sources */ = {isa = PBXBuildFile; fileRef = E5F44F351C32F1A20047B18D /* PDHMenuDataManager.swift */; };
		E5F44F3D1C32F4280047B18D /* PDHDishDataObject.swift in Sources */ = {isa = PBXBuildFile; fileRef = E5F44F3C1C32F4280047B18D /* PDHDishDataObject.swift */; };
		E5F44F3F1C32F7BD0047B18D /* PDHMenuDataParser.swift in Sources */ = {isa = PBXBuildFile; fileRef = E5F44F3E1C32F7BD0047B18D /* PDHMenuDataParser.swift */; };
/* End PBXBuildFile section */

/* Begin PBXFileReference section */
		6E06ED873E7A19F8574FC0AE /* Pods-PDH.release.xcconfig */ = {isa = PBXFileReference; includeInIndex = 1; lastKnownFileType = text.xcconfig; name = "Pods-PDH.release.xcconfig"; path = "Pods/Target Support Files/Pods-PDH/Pods-PDH.release.xcconfig"; sourceTree = "<group>"; };
		84D5D793061CFC3FD2A59C6B /* Pods-PDH.debug.xcconfig */ = {isa = PBXFileReference; includeInIndex = 1; lastKnownFileType = text.xcconfig; name = "Pods-PDH.debug.xcconfig"; path = "Pods/Target Support Files/Pods-PDH/Pods-PDH.debug.xcconfig"; sourceTree = "<group>"; };
		B4BA912FC5A57EC7D736722E /* Pods_PDH.framework */ = {isa = PBXFileReference; explicitFileType = wrapper.framework; includeInIndex = 0; path = Pods_PDH.framework; sourceTree = BUILT_PRODUCTS_DIR; };
		E5026B7B1C1F498000B1839E /* PDHOrderConfirmationViewController.swift */ = {isa = PBXFileReference; fileEncoding = 4; lastKnownFileType = sourcecode.swift; path = PDHOrderConfirmationViewController.swift; sourceTree = "<group>"; };
		E5026B7D1C1F49B600B1839E /* PDHOrderConfirmationView.swift */ = {isa = PBXFileReference; fileEncoding = 4; lastKnownFileType = sourcecode.swift; path = PDHOrderConfirmationView.swift; sourceTree = "<group>"; };
		E505D0CB1C1345AA00571A4B /* PDHMenuViewController.swift */ = {isa = PBXFileReference; fileEncoding = 4; lastKnownFileType = sourcecode.swift; path = PDHMenuViewController.swift; sourceTree = "<group>"; };
		E505D0CF1C1346C100571A4B /* PDHDishMenuController.swift */ = {isa = PBXFileReference; fileEncoding = 4; lastKnownFileType = sourcecode.swift; path = PDHDishMenuController.swift; sourceTree = "<group>"; };
		E50740761C70E00400793AD4 /* FBSDKCoreKit.framework */ = {isa = PBXFileReference; lastKnownFileType = wrapper.framework; path = FBSDKCoreKit.framework; sourceTree = "<group>"; };
		E50740771C70E00400793AD4 /* FBSDKLoginKit.framework */ = {isa = PBXFileReference; lastKnownFileType = wrapper.framework; path = FBSDKLoginKit.framework; sourceTree = "<group>"; };
		E50740781C70E00400793AD4 /* FBSDKShareKit.framework */ = {isa = PBXFileReference; lastKnownFileType = wrapper.framework; path = FBSDKShareKit.framework; sourceTree = "<group>"; };
		E50A07031C35932D001F76C9 /* PDHDishcategoryMenu.swift */ = {isa = PBXFileReference; fileEncoding = 4; lastKnownFileType = sourcecode.swift; path = PDHDishcategoryMenu.swift; sourceTree = "<group>"; };
		E50B9B171C8B1EA400F4E0E3 /* FBSDKCoreKit.framework */ = {isa = PBXFileReference; lastKnownFileType = wrapper.framework; path = FBSDKCoreKit.framework; sourceTree = "<group>"; };
		E50B9B181C8B1EA400F4E0E3 /* FBSDKLoginKit.framework */ = {isa = PBXFileReference; lastKnownFileType = wrapper.framework; path = FBSDKLoginKit.framework; sourceTree = "<group>"; };
		E50B9B191C8B1EA400F4E0E3 /* FBSDKShareKit.framework */ = {isa = PBXFileReference; lastKnownFileType = wrapper.framework; path = FBSDKShareKit.framework; sourceTree = "<group>"; };
		E5189DAC1C077036008CC84C /* LandingViewController.swift */ = {isa = PBXFileReference; fileEncoding = 4; lastKnownFileType = sourcecode.swift; path = LandingViewController.swift; sourceTree = "<group>"; };
		E5189DB01C07705E008CC84C /* PDHLoginViewController.swift */ = {isa = PBXFileReference; fileEncoding = 4; lastKnownFileType = sourcecode.swift; path = PDHLoginViewController.swift; sourceTree = "<group>"; };
		E5189DB41C0770DB008CC84C /* PDHLoginView.swift */ = {isa = PBXFileReference; fileEncoding = 4; lastKnownFileType = sourcecode.swift; path = PDHLoginView.swift; sourceTree = "<group>"; };
		E5189DB81C0770E5008CC84C /* LandingView.swift */ = {isa = PBXFileReference; fileEncoding = 4; lastKnownFileType = sourcecode.swift; path = LandingView.swift; sourceTree = "<group>"; };
		E52F152F1C0815E80027DE10 /* PDHHelper.swift */ = {isa = PBXFileReference; fileEncoding = 4; lastKnownFileType = sourcecode.swift; path = PDHHelper.swift; sourceTree = "<group>"; };
		E52F15331C081B430027DE10 /* PDHUtilityExtension.swift */ = {isa = PBXFileReference; fileEncoding = 4; lastKnownFileType = sourcecode.swift; path = PDHUtilityExtension.swift; sourceTree = "<group>"; };
		E52F153D1C0823250027DE10 /* PDHRegistrationView.swift */ = {isa = PBXFileReference; fileEncoding = 4; lastKnownFileType = sourcecode.swift; path = PDHRegistrationView.swift; sourceTree = "<group>"; };
		E52F153F1C08233E0027DE10 /* PDHRegistrationController.swift */ = {isa = PBXFileReference; fileEncoding = 4; lastKnownFileType = sourcecode.swift; path = PDHRegistrationController.swift; sourceTree = "<group>"; };
		E52F154B1C0883510027DE10 /* PDHViewActionProtocol.swift */ = {isa = PBXFileReference; fileEncoding = 4; lastKnownFileType = sourcecode.swift; path = PDHViewActionProtocol.swift; sourceTree = "<group>"; };
		E52F154F1C0884B70027DE10 /* PDHActionEnum.swift */ = {isa = PBXFileReference; fileEncoding = 4; lastKnownFileType = sourcecode.swift; path = PDHActionEnum.swift; sourceTree = "<group>"; };
		E53487231C0F426C00203548 /* PDHMenuScreenController.swift */ = {isa = PBXFileReference; fileEncoding = 4; lastKnownFileType = sourcecode.swift; path = PDHMenuScreenController.swift; sourceTree = "<group>"; };
		E53487271C0F42D200203548 /* PDHMenuScreenView.swift */ = {isa = PBXFileReference; fileEncoding = 4; lastKnownFileType = sourcecode.swift; path = PDHMenuScreenView.swift; sourceTree = "<group>"; };
		E534872B1C0F5C5C00203548 /* PDHDishSearchTableView.swift */ = {isa = PBXFileReference; fileEncoding = 4; lastKnownFileType = sourcecode.swift; path = PDHDishSearchTableView.swift; sourceTree = "<group>"; };
		E535E8D21C1DD07D00B4A9B7 /* PDHEditAddressView.xib */ = {isa = PBXFileReference; fileEncoding = 4; lastKnownFileType = file.xib; path = PDHEditAddressView.xib; sourceTree = "<group>"; };
		E535E8D41C1DD6E100B4A9B7 /* PDHEditAddressView.swift */ = {isa = PBXFileReference; fileEncoding = 4; lastKnownFileType = sourcecode.swift; path = PDHEditAddressView.swift; sourceTree = "<group>"; };
		E535E8D61C1DD7C200B4A9B7 /* PDHDeliveryAddressCustomCell.swift */ = {isa = PBXFileReference; fileEncoding = 4; lastKnownFileType = sourcecode.swift; path = PDHDeliveryAddressCustomCell.swift; sourceTree = "<group>"; };
		E53AB43C1C26C84C007494DA /* 0.png */ = {isa = PBXFileReference; lastKnownFileType = image.png; path = 0.png; sourceTree = "<group>"; };
		E53AB43D1C26C84C007494DA /* 1.png */ = {isa = PBXFileReference; lastKnownFileType = image.png; path = 1.png; sourceTree = "<group>"; };
		E53AB43E1C26C84C007494DA /* 2.png */ = {isa = PBXFileReference; lastKnownFileType = image.png; path = 2.png; sourceTree = "<group>"; };
		E53AB43F1C26C84C007494DA /* 3.png */ = {isa = PBXFileReference; lastKnownFileType = image.png; path = 3.png; sourceTree = "<group>"; };
		E53AB4401C26C84C007494DA /* 4.png */ = {isa = PBXFileReference; lastKnownFileType = image.png; path = 4.png; sourceTree = "<group>"; };
		E53AB4411C26C84C007494DA /* 5.png */ = {isa = PBXFileReference; lastKnownFileType = image.png; path = 5.png; sourceTree = "<group>"; };
		E53AB4481C26C8A9007494DA /* PDHMenuOptionsCell.swift */ = {isa = PBXFileReference; fileEncoding = 4; lastKnownFileType = sourcecode.swift; path = PDHMenuOptionsCell.swift; sourceTree = "<group>"; };
		E53AB44A1C26CE42007494DA /* MenuBg.png */ = {isa = PBXFileReference; lastKnownFileType = image.png; path = MenuBg.png; sourceTree = "<group>"; };
		E53AB44B1C26CE42007494DA /* Profile.png */ = {isa = PBXFileReference; lastKnownFileType = image.png; path = Profile.png; sourceTree = "<group>"; };
		E53AB44E1C26CECF007494DA /* MenuBg1.png */ = {isa = PBXFileReference; lastKnownFileType = image.png; path = MenuBg1.png; sourceTree = "<group>"; };
		E53AB4D11C2FD7FC000E6F07 /* PDHDataManager.swift */ = {isa = PBXFileReference; fileEncoding = 4; lastKnownFileType = sourcecode.swift; path = PDHDataManager.swift; sourceTree = "<group>"; };
		E53AB4D21C2FD7FC000E6F07 /* PDHView.swift */ = {isa = PBXFileReference; fileEncoding = 4; lastKnownFileType = sourcecode.swift; path = PDHView.swift; sourceTree = "<group>"; };
		E53AB4D31C2FD7FC000E6F07 /* PDHViewController.swift */ = {isa = PBXFileReference; fileEncoding = 4; lastKnownFileType = sourcecode.swift; path = PDHViewController.swift; sourceTree = "<group>"; };
		E53AB4D51C2FD7FC000E6F07 /* PDHButton.swift */ = {isa = PBXFileReference; fileEncoding = 4; lastKnownFileType = sourcecode.swift; path = PDHButton.swift; sourceTree = "<group>"; };
		E53AB4D61C2FD7FC000E6F07 /* PDHCustomCircleButton.swift */ = {isa = PBXFileReference; fileEncoding = 4; lastKnownFileType = sourcecode.swift; path = PDHCustomCircleButton.swift; sourceTree = "<group>"; };
		E53AB4D71C2FD7FC000E6F07 /* PDHCustomCircleLabel.swift */ = {isa = PBXFileReference; fileEncoding = 4; lastKnownFileType = sourcecode.swift; path = PDHCustomCircleLabel.swift; sourceTree = "<group>"; };
		E53AB4D81C2FD7FC000E6F07 /* PDHCustomCurveView.swift */ = {isa = PBXFileReference; fileEncoding = 4; lastKnownFileType = sourcecode.swift; path = PDHCustomCurveView.swift; sourceTree = "<group>"; };
		E53AB4D91C2FD7FC000E6F07 /* PDHCustomDishCartView.swift */ = {isa = PBXFileReference; fileEncoding = 4; lastKnownFileType = sourcecode.swift; path = PDHCustomDishCartView.swift; sourceTree = "<group>"; };
		E53AB4DA1C2FD7FC000E6F07 /* PDHCustomDishCartView.xib */ = {isa = PBXFileReference; fileEncoding = 4; lastKnownFileType = file.xib; path = PDHCustomDishCartView.xib; sourceTree = "<group>"; };
		E53AB4DB1C2FD7FC000E6F07 /* PDHCustomImageView.swift */ = {isa = PBXFileReference; fileEncoding = 4; lastKnownFileType = sourcecode.swift; path = PDHCustomImageView.swift; sourceTree = "<group>"; };
		E53AB4DC1C2FD7FC000E6F07 /* PDHCustomStepper.swift */ = {isa = PBXFileReference; fileEncoding = 4; lastKnownFileType = sourcecode.swift; path = PDHCustomStepper.swift; sourceTree = "<group>"; };
		E53AB4DD1C2FD7FC000E6F07 /* PDHCustomStepper.xib */ = {isa = PBXFileReference; fileEncoding = 4; lastKnownFileType = file.xib; path = PDHCustomStepper.xib; sourceTree = "<group>"; };
		E53AB4DF1C2FD7FC000E6F07 /* PDHDataManagerProtocol.swift */ = {isa = PBXFileReference; fileEncoding = 4; lastKnownFileType = sourcecode.swift; path = PDHDataManagerProtocol.swift; sourceTree = "<group>"; };
		E53AB4E01C2FD7FC000E6F07 /* PDHNetworkManager.swift */ = {isa = PBXFileReference; fileEncoding = 4; lastKnownFileType = sourcecode.swift; path = PDHNetworkManager.swift; sourceTree = "<group>"; };
		E53AB4E11C2FD7FC000E6F07 /* PDHProgressIndicator.swift */ = {isa = PBXFileReference; fileEncoding = 4; lastKnownFileType = sourcecode.swift; path = PDHProgressIndicator.swift; sourceTree = "<group>"; };
		E53AB4F21C2FD8BD000E6F07 /* PDHErrorAlert.swift */ = {isa = PBXFileReference; fileEncoding = 4; lastKnownFileType = sourcecode.swift; path = PDHErrorAlert.swift; sourceTree = "<group>"; };
		E53AB4F41C2FDCB4000E6F07 /* PDHErrorObject.swift */ = {isa = PBXFileReference; fileEncoding = 4; lastKnownFileType = sourcecode.swift; path = PDHErrorObject.swift; sourceTree = "<group>"; };
		E53AB4F61C2FDD04000E6F07 /* PDHLoginInfoDataObject.swift */ = {isa = PBXFileReference; fileEncoding = 4; lastKnownFileType = sourcecode.swift; path = PDHLoginInfoDataObject.swift; sourceTree = "<group>"; };
		E53AB4F81C2FDDD3000E6F07 /* PDHLoginDataParser.swift */ = {isa = PBXFileReference; fileEncoding = 4; lastKnownFileType = sourcecode.swift; path = PDHLoginDataParser.swift; sourceTree = "<group>"; };
		E53AB4FD1C3052B7000E6F07 /* PDHRegistrationDataManager.swift */ = {isa = PBXFileReference; fileEncoding = 4; lastKnownFileType = sourcecode.swift; path = PDHRegistrationDataManager.swift; sourceTree = "<group>"; };
		E53AB4FF1C3053B7000E6F07 /* PDHRegistrationDataParser.swift */ = {isa = PBXFileReference; fileEncoding = 4; lastKnownFileType = sourcecode.swift; path = PDHRegistrationDataParser.swift; sourceTree = "<group>"; };
		E53AB5031C30546F000E6F07 /* PDHDataParser.swift */ = {isa = PBXFileReference; fileEncoding = 4; lastKnownFileType = sourcecode.swift; path = PDHDataParser.swift; sourceTree = "<group>"; };
		E53C0D1A1C38EF1400DA776E /* PDHMenuContainerViewController.swift */ = {isa = PBXFileReference; fileEncoding = 4; lastKnownFileType = sourcecode.swift; path = PDHMenuContainerViewController.swift; sourceTree = "<group>"; };
		E53C0D211C38F5A400DA776E /* PDHMyProfileController.swift */ = {isa = PBXFileReference; fileEncoding = 4; lastKnownFileType = sourcecode.swift; path = PDHMyProfileController.swift; sourceTree = "<group>"; };
		E53C0D231C38F5B200DA776E /* PDHMyProfileView.swift */ = {isa = PBXFileReference; fileEncoding = 4; lastKnownFileType = sourcecode.swift; path = PDHMyProfileView.swift; sourceTree = "<group>"; };
		E53C0D291C391C0200DA776E /* PDHRegistrationObject.swift */ = {isa = PBXFileReference; fileEncoding = 4; lastKnownFileType = sourcecode.swift; path = PDHRegistrationObject.swift; sourceTree = "<group>"; };
		E54D314C1C9D9D4E00CD4D11 /* PDHDishOfWeekDataObject.swift */ = {isa = PBXFileReference; fileEncoding = 4; lastKnownFileType = sourcecode.swift; path = PDHDishOfWeekDataObject.swift; sourceTree = "<group>"; };
		E54D314E1C9D9D8500CD4D11 /* PDHVegDishDataObject.swift */ = {isa = PBXFileReference; fileEncoding = 4; lastKnownFileType = sourcecode.swift; path = PDHVegDishDataObject.swift; sourceTree = "<group>"; };
		E54D31501C9D9DAF00CD4D11 /* PDHNonVegDishDataObject.swift */ = {isa = PBXFileReference; fileEncoding = 4; lastKnownFileType = sourcecode.swift; path = PDHNonVegDishDataObject.swift; sourceTree = "<group>"; };
		E553E4A51C05F2D9007DD045 /* PDH.app */ = {isa = PBXFileReference; explicitFileType = wrapper.application; includeInIndex = 0; path = PDH.app; sourceTree = BUILT_PRODUCTS_DIR; };
		E553E4A81C05F2D9007DD045 /* AppDelegate.swift */ = {isa = PBXFileReference; lastKnownFileType = sourcecode.swift; path = AppDelegate.swift; sourceTree = "<group>"; };
		E553E4AD1C05F2D9007DD045 /* Base */ = {isa = PBXFileReference; lastKnownFileType = file.storyboard; name = Base; path = Base.lproj/Main.storyboard; sourceTree = "<group>"; };
		E553E4AF1C05F2D9007DD045 /* Assets.xcassets */ = {isa = PBXFileReference; lastKnownFileType = folder.assetcatalog; path = Assets.xcassets; sourceTree = "<group>"; };
		E553E4B21C05F2D9007DD045 /* Base */ = {isa = PBXFileReference; lastKnownFileType = file.storyboard; name = Base; path = Base.lproj/LaunchScreen.storyboard; sourceTree = "<group>"; };
		E553E4B41C05F2D9007DD045 /* Info.plist */ = {isa = PBXFileReference; lastKnownFileType = text.plist.xml; path = Info.plist; sourceTree = "<group>"; };
		E555AB301C6466B2004468D7 /* CoreData.framework */ = {isa = PBXFileReference; lastKnownFileType = wrapper.framework; name = CoreData.framework; path = System/Library/Frameworks/CoreData.framework; sourceTree = SDKROOT; };
		E555AB321C6466BB004468D7 /* SystemConfiguration.framework */ = {isa = PBXFileReference; lastKnownFileType = wrapper.framework; name = SystemConfiguration.framework; path = System/Library/Frameworks/SystemConfiguration.framework; sourceTree = SDKROOT; };
		E555AB341C646784004468D7 /* libsqlite3.tbd */ = {isa = PBXFileReference; lastKnownFileType = "sourcecode.text-based-dylib-definition"; name = libsqlite3.tbd; path = usr/lib/libsqlite3.tbd; sourceTree = SDKROOT; };
		E555AB361C64678C004468D7 /* libz.tbd */ = {isa = PBXFileReference; lastKnownFileType = "sourcecode.text-based-dylib-definition"; name = libz.tbd; path = usr/lib/libz.tbd; sourceTree = SDKROOT; };
		E56B6D861C17286F003E8E26 /* PDHDishCustomCell.swift */ = {isa = PBXFileReference; fileEncoding = 4; lastKnownFileType = sourcecode.swift; path = PDHDishCustomCell.swift; sourceTree = "<group>"; };
		E56B6D8C1C173F47003E8E26 /* PDHMenuView.swift */ = {isa = PBXFileReference; fileEncoding = 4; lastKnownFileType = sourcecode.swift; path = PDHMenuView.swift; sourceTree = "<group>"; };
		E57C3F291CB0F457009615B4 /* PDHAddressDataManager.swift */ = {isa = PBXFileReference; fileEncoding = 4; lastKnownFileType = sourcecode.swift; path = PDHAddressDataManager.swift; sourceTree = "<group>"; };
		E57C3F2B1CB0F616009615B4 /* PDHAddressDataParser.swift */ = {isa = PBXFileReference; fileEncoding = 4; lastKnownFileType = sourcecode.swift; path = PDHAddressDataParser.swift; sourceTree = "<group>"; };
		E57C3F2D1CB0F6E3009615B4 /* PDHUserAddressDataObject.swift */ = {isa = PBXFileReference; fileEncoding = 4; lastKnownFileType = sourcecode.swift; path = PDHUserAddressDataObject.swift; sourceTree = "<group>"; };
		E57C3F2F1CB1197E009615B4 /* PDHNewAddressViewController.swift */ = {isa = PBXFileReference; fileEncoding = 4; lastKnownFileType = sourcecode.swift; path = PDHNewAddressViewController.swift; sourceTree = "<group>"; };
		E57C3F311CB119BB009615B4 /* PDHNewAddresView.swift */ = {isa = PBXFileReference; fileEncoding = 4; lastKnownFileType = sourcecode.swift; path = PDHNewAddresView.swift; sourceTree = "<group>"; };
		E57C3F331CB12099009615B4 /* PDHExtensions.swift */ = {isa = PBXFileReference; fileEncoding = 4; lastKnownFileType = sourcecode.swift; path = PDHExtensions.swift; sourceTree = "<group>"; };
		E59825A01C1200D20033F619 /* PDHSlidingMenuController.swift */ = {isa = PBXFileReference; fileEncoding = 4; lastKnownFileType = sourcecode.swift; path = PDHSlidingMenuController.swift; sourceTree = "<group>"; };
		E59825A21C1201200033F619 /* PDHSlidingMenuView.swift */ = {isa = PBXFileReference; fileEncoding = 4; lastKnownFileType = sourcecode.swift; path = PDHSlidingMenuView.swift; sourceTree = "<group>"; };
		E59825A41C1203850033F619 /* PDHSlidingMenuCustomCell.swift */ = {isa = PBXFileReference; fileEncoding = 4; lastKnownFileType = sourcecode.swift; path = PDHSlidingMenuCustomCell.swift; sourceTree = "<group>"; };
		E59AB2A11C148623003A8F19 /* PDHOrderHistoryController.swift */ = {isa = PBXFileReference; fileEncoding = 4; lastKnownFileType = sourcecode.swift; path = PDHOrderHistoryController.swift; sourceTree = "<group>"; };
		E59AB2A51C148632003A8F19 /* PDHOrderHistoryView.swift */ = {isa = PBXFileReference; fileEncoding = 4; lastKnownFileType = sourcecode.swift; path = PDHOrderHistoryView.swift; sourceTree = "<group>"; };
		E59B4F391C0CBA5400D1B6E7 /* SkiaRegular.ttf */ = {isa = PBXFileReference; lastKnownFileType = file; path = SkiaRegular.ttf; sourceTree = "<group>"; };
		E59E71981C36BCBF00BAF731 /* PDHOrderCart.swift */ = {isa = PBXFileReference; fileEncoding = 4; lastKnownFileType = sourcecode.swift; path = PDHOrderCart.swift; sourceTree = "<group>"; };
		E59E719A1C36C40A00BAF731 /* PDHQuantitySelectorCell.swift */ = {isa = PBXFileReference; fileEncoding = 4; lastKnownFileType = sourcecode.swift; path = PDHQuantitySelectorCell.swift; sourceTree = "<group>"; };
		E59E719C1C36C43C00BAF731 /* PDHQuantitySelectorView.swift */ = {isa = PBXFileReference; fileEncoding = 4; lastKnownFileType = sourcecode.swift; path = PDHQuantitySelectorView.swift; sourceTree = "<group>"; };
		E5B4D4091CB3FDC100A6BC8F /* PDHCustomTextField.swift */ = {isa = PBXFileReference; fileEncoding = 4; lastKnownFileType = sourcecode.swift; path = PDHCustomTextField.swift; sourceTree = "<group>"; };
		E5C721FA1C2DB6E0005FAFD4 /* PDHCurrentOrderController.swift */ = {isa = PBXFileReference; fileEncoding = 4; lastKnownFileType = sourcecode.swift; path = PDHCurrentOrderController.swift; sourceTree = "<group>"; };
		E5C721FC1C2DB6F2005FAFD4 /* PDHCurrentOrderView.swift */ = {isa = PBXFileReference; fileEncoding = 4; lastKnownFileType = sourcecode.swift; path = PDHCurrentOrderView.swift; sourceTree = "<group>"; };
		E5DE86DC1C1D9CB20009EEAC /* PDHDeliveryAddressViewController.swift */ = {isa = PBXFileReference; fileEncoding = 4; lastKnownFileType = sourcecode.swift; path = PDHDeliveryAddressViewController.swift; sourceTree = "<group>"; };
		E5DE86DE1C1D9CFC0009EEAC /* PDHDeliveryAddressView.swift */ = {isa = PBXFileReference; fileEncoding = 4; lastKnownFileType = sourcecode.swift; path = PDHDeliveryAddressView.swift; sourceTree = "<group>"; };
		E5DF0ED71C2C53360042300F /* PDHAddressBookViewController.swift */ = {isa = PBXFileReference; fileEncoding = 4; lastKnownFileType = sourcecode.swift; path = PDHAddressBookViewController.swift; sourceTree = "<group>"; };
		E5DF0ED91C2C53740042300F /* PDHAddressBookView.swift */ = {isa = PBXFileReference; fileEncoding = 4; lastKnownFileType = sourcecode.swift; path = PDHAddressBookView.swift; sourceTree = "<group>"; };
		E5E004481C2EF5530082EED6 /* PDHConstantURL.swift */ = {isa = PBXFileReference; fileEncoding = 4; lastKnownFileType = sourcecode.swift; path = PDHConstantURL.swift; sourceTree = "<group>"; };
		E5E0044E1C2EFCE00082EED6 /* PDHLoginDataManager.swift */ = {isa = PBXFileReference; fileEncoding = 4; lastKnownFileType = sourcecode.swift; path = PDHLoginDataManager.swift; sourceTree = "<group>"; };
		E5E4935C1C2D6CAF00469745 /* PDHMyOrderViewController.swift */ = {isa = PBXFileReference; fileEncoding = 4; lastKnownFileType = sourcecode.swift; path = PDHMyOrderViewController.swift; sourceTree = "<group>"; };
		E5E4935E1C2D6CE300469745 /* PDHMyOrderView.swift */ = {isa = PBXFileReference; fileEncoding = 4; lastKnownFileType = sourcecode.swift; path = PDHMyOrderView.swift; sourceTree = "<group>"; };
		E5EF143C1C1D4C450097E70E /* PDHOverlayView.swift */ = {isa = PBXFileReference; fileEncoding = 4; lastKnownFileType = sourcecode.swift; path = PDHOverlayView.swift; sourceTree = "<group>"; };
		E5F44F351C32F1A20047B18D /* PDHMenuDataManager.swift */ = {isa = PBXFileReference; fileEncoding = 4; lastKnownFileType = sourcecode.swift; path = PDHMenuDataManager.swift; sourceTree = "<group>"; };
		E5F44F3C1C32F4280047B18D /* PDHDishDataObject.swift */ = {isa = PBXFileReference; fileEncoding = 4; lastKnownFileType = sourcecode.swift; path = PDHDishDataObject.swift; sourceTree = "<group>"; };
		E5F44F3E1C32F7BD0047B18D /* PDHMenuDataParser.swift */ = {isa = PBXFileReference; fileEncoding = 4; lastKnownFileType = sourcecode.swift; path = PDHMenuDataParser.swift; sourceTree = "<group>"; };
/* End PBXFileReference section */

/* Begin PBXFrameworksBuildPhase section */
		E553E4A21C05F2D9007DD045 /* Frameworks */ = {
			isa = PBXFrameworksBuildPhase;
			buildActionMask = 2147483647;
			files = (
				E507407B1C70E00400793AD4 /* FBSDKShareKit.framework in Frameworks */,
				E555AB371C64678C004468D7 /* libz.tbd in Frameworks */,
				E50B9B1B1C8B1EA400F4E0E3 /* FBSDKLoginKit.framework in Frameworks */,
				E50740791C70E00400793AD4 /* FBSDKCoreKit.framework in Frameworks */,
				E555AB351C646784004468D7 /* libsqlite3.tbd in Frameworks */,
				E555AB331C6466BB004468D7 /* SystemConfiguration.framework in Frameworks */,
				E50B9B1C1C8B1EA400F4E0E3 /* FBSDKShareKit.framework in Frameworks */,
				E507407A1C70E00400793AD4 /* FBSDKLoginKit.framework in Frameworks */,
				E555AB311C6466B2004468D7 /* CoreData.framework in Frameworks */,
				E50B9B1A1C8B1EA400F4E0E3 /* FBSDKCoreKit.framework in Frameworks */,
				8CAD17E157FB8817A6E73F01 /* Pods_PDH.framework in Frameworks */,
			);
			runOnlyForDeploymentPostprocessing = 0;
		};
/* End PBXFrameworksBuildPhase section */

/* Begin PBXGroup section */
		908CE1B968BE9862C9BD2EF0 /* Frameworks */ = {
			isa = PBXGroup;
			children = (
				E50740761C70E00400793AD4 /* FBSDKCoreKit.framework */,
				E50740771C70E00400793AD4 /* FBSDKLoginKit.framework */,
				E50740781C70E00400793AD4 /* FBSDKShareKit.framework */,
				E555AB361C64678C004468D7 /* libz.tbd */,
				E555AB341C646784004468D7 /* libsqlite3.tbd */,
				E555AB321C6466BB004468D7 /* SystemConfiguration.framework */,
				E555AB301C6466B2004468D7 /* CoreData.framework */,
				B4BA912FC5A57EC7D736722E /* Pods_PDH.framework */,
			);
			name = Frameworks;
			sourceTree = "<group>";
		};
		D437A35588B2043F0C632536 /* Pods */ = {
			isa = PBXGroup;
			children = (
				84D5D793061CFC3FD2A59C6B /* Pods-PDH.debug.xcconfig */,
				6E06ED873E7A19F8574FC0AE /* Pods-PDH.release.xcconfig */,
			);
			name = Pods;
			sourceTree = "<group>";
		};
		E5026B771C1F495200B1839E /* OrderConfirmation */ = {
			isa = PBXGroup;
			children = (
				E5026B791C1F495200B1839E /* Model */,
				E5026B781C1F495200B1839E /* Controller */,
				E5026B7A1C1F495200B1839E /* Views */,
			);
			path = OrderConfirmation;
			sourceTree = "<group>";
		};
		E5026B781C1F495200B1839E /* Controller */ = {
			isa = PBXGroup;
			children = (
				E5026B7B1C1F498000B1839E /* PDHOrderConfirmationViewController.swift */,
			);
			path = Controller;
			sourceTree = "<group>";
		};
		E5026B791C1F495200B1839E /* Model */ = {
			isa = PBXGroup;
			children = (
			);
			path = Model;
			sourceTree = "<group>";
		};
		E5026B7A1C1F495200B1839E /* Views */ = {
			isa = PBXGroup;
			children = (
				E5026B7D1C1F49B600B1839E /* PDHOrderConfirmationView.swift */,
			);
			path = Views;
			sourceTree = "<group>";
		};
		E505D0C71C13458400571A4B /* MenuView */ = {
			isa = PBXGroup;
			children = (
				E505D0C81C13458400571A4B /* Controller */,
				E505D0C91C13458400571A4B /* Model */,
				E505D0CA1C13458400571A4B /* Views */,
			);
			path = MenuView;
			sourceTree = "<group>";
		};
		E505D0C81C13458400571A4B /* Controller */ = {
			isa = PBXGroup;
			children = (
				E505D0CF1C1346C100571A4B /* PDHDishMenuController.swift */,
				E505D0CB1C1345AA00571A4B /* PDHMenuViewController.swift */,
				E53C0D1A1C38EF1400DA776E /* PDHMenuContainerViewController.swift */,
			);
			path = Controller;
			sourceTree = "<group>";
		};
		E505D0C91C13458400571A4B /* Model */ = {
			isa = PBXGroup;
			children = (
			);
			path = Model;
			sourceTree = "<group>";
		};
		E505D0CA1C13458400571A4B /* Views */ = {
			isa = PBXGroup;
			children = (
				E56B6D8C1C173F47003E8E26 /* PDHMenuView.swift */,
			);
			path = Views;
			sourceTree = "<group>";
		};
		E50B9B161C8B1EA400F4E0E3 /* ThirdPartyApps */ = {
			isa = PBXGroup;
			children = (
				E50B9B171C8B1EA400F4E0E3 /* FBSDKCoreKit.framework */,
				E50B9B181C8B1EA400F4E0E3 /* FBSDKLoginKit.framework */,
				E50B9B191C8B1EA400F4E0E3 /* FBSDKShareKit.framework */,
			);
			path = ThirdPartyApps;
			sourceTree = "<group>";
		};
		E5189DA01C077017008CC84C /* LandingPage */ = {
			isa = PBXGroup;
			children = (
				E5189DA11C077017008CC84C /* Controller */,
				E5189DA21C077017008CC84C /* DataManager */,
				E5189DA31C077017008CC84C /* DataModel */,
				E5189DA41C077017008CC84C /* DataParser */,
				E5189DA51C077017008CC84C /* Views */,
			);
			path = LandingPage;
			sourceTree = "<group>";
		};
		E5189DA11C077017008CC84C /* Controller */ = {
			isa = PBXGroup;
			children = (
				E5189DAC1C077036008CC84C /* LandingViewController.swift */,
			);
			path = Controller;
			sourceTree = "<group>";
		};
		E5189DA21C077017008CC84C /* DataManager */ = {
			isa = PBXGroup;
			children = (
			);
			path = DataManager;
			sourceTree = "<group>";
		};
		E5189DA31C077017008CC84C /* DataModel */ = {
			isa = PBXGroup;
			children = (
			);
			path = DataModel;
			sourceTree = "<group>";
		};
		E5189DA41C077017008CC84C /* DataParser */ = {
			isa = PBXGroup;
			children = (
			);
			path = DataParser;
			sourceTree = "<group>";
		};
		E5189DA51C077017008CC84C /* Views */ = {
			isa = PBXGroup;
			children = (
				E5189DB81C0770E5008CC84C /* LandingView.swift */,
			);
			path = Views;
			sourceTree = "<group>";
		};
		E5189DA61C077017008CC84C /* LoginPage */ = {
			isa = PBXGroup;
			children = (
				E5189DA91C077017008CC84C /* DataModel */,
				E5189DA81C077017008CC84C /* DataManager */,
				E5189DA71C077017008CC84C /* Controller */,
				E5189DAB1C077017008CC84C /* Views */,
			);
			path = LoginPage;
			sourceTree = "<group>";
		};
		E5189DA71C077017008CC84C /* Controller */ = {
			isa = PBXGroup;
			children = (
				E5189DB01C07705E008CC84C /* PDHLoginViewController.swift */,
			);
			path = Controller;
			sourceTree = "<group>";
		};
		E5189DA81C077017008CC84C /* DataManager */ = {
			isa = PBXGroup;
			children = (
				E5E0044E1C2EFCE00082EED6 /* PDHLoginDataManager.swift */,
				E53AB4F81C2FDDD3000E6F07 /* PDHLoginDataParser.swift */,
			);
			path = DataManager;
			sourceTree = "<group>";
		};
		E5189DA91C077017008CC84C /* DataModel */ = {
			isa = PBXGroup;
			children = (
				E53AB4F61C2FDD04000E6F07 /* PDHLoginInfoDataObject.swift */,
			);
			path = DataModel;
			sourceTree = "<group>";
		};
		E5189DAB1C077017008CC84C /* Views */ = {
			isa = PBXGroup;
			children = (
				E5189DB41C0770DB008CC84C /* PDHLoginView.swift */,
			);
			path = Views;
			sourceTree = "<group>";
		};
		E521B8671C2DA9B8001253BC /* CurrentOrder */ = {
			isa = PBXGroup;
			children = (
				E521B8681C2DA9B8001253BC /* Controller */,
				E521B8691C2DA9B8001253BC /* Model */,
				E521B86A1C2DA9B8001253BC /* Views */,
			);
			path = CurrentOrder;
			sourceTree = "<group>";
		};
		E521B8681C2DA9B8001253BC /* Controller */ = {
			isa = PBXGroup;
			children = (
				E5C721FA1C2DB6E0005FAFD4 /* PDHCurrentOrderController.swift */,
			);
			path = Controller;
			sourceTree = "<group>";
		};
		E521B8691C2DA9B8001253BC /* Model */ = {
			isa = PBXGroup;
			children = (
			);
			path = Model;
			sourceTree = "<group>";
		};
		E521B86A1C2DA9B8001253BC /* Views */ = {
			isa = PBXGroup;
			children = (
				E5C721FC1C2DB6F2005FAFD4 /* PDHCurrentOrderView.swift */,
			);
			path = Views;
			sourceTree = "<group>";
		};
		E52F152E1C0815CE0027DE10 /* Helper */ = {
			isa = PBXGroup;
			children = (
				E52F152F1C0815E80027DE10 /* PDHHelper.swift */,
				E52F15331C081B430027DE10 /* PDHUtilityExtension.swift */,
				E52F154F1C0884B70027DE10 /* PDHActionEnum.swift */,
				E5EF143C1C1D4C450097E70E /* PDHOverlayView.swift */,
				E57C3F331CB12099009615B4 /* PDHExtensions.swift */,
				E52F154B1C0883510027DE10 /* PDHViewActionProtocol.swift */,
			);
			path = Helper;
			sourceTree = "<group>";
		};
		E52F15371C081DE00027DE10 /* RegistrationPage */ = {
			isa = PBXGroup;
			children = (
				E53C0D281C391C0200DA776E /* DataModel */,
				E53AB4FC1C3052B7000E6F07 /* DataManager */,
				E52F15381C081DE00027DE10 /* Controller */,
				E52F153C1C081DE00027DE10 /* Views */,
			);
			path = RegistrationPage;
			sourceTree = "<group>";
		};
		E52F15381C081DE00027DE10 /* Controller */ = {
			isa = PBXGroup;
			children = (
				E52F153F1C08233E0027DE10 /* PDHRegistrationController.swift */,
			);
			path = Controller;
			sourceTree = "<group>";
		};
		E52F153C1C081DE00027DE10 /* Views */ = {
			isa = PBXGroup;
			children = (
				E52F153D1C0823250027DE10 /* PDHRegistrationView.swift */,
			);
			path = Views;
			sourceTree = "<group>";
		};
		E52F15531C088A000027DE10 /* Common */ = {
			isa = PBXGroup;
			children = (
				E53AB4F11C2FD87A000E6F07 /* Error */,
				E53AB4D01C2FD7FC000E6F07 /* BasePDHClasses */,
				E53AB4D41C2FD7FC000E6F07 /* CustomViews */,
				E53AB4DE1C2FD7FC000E6F07 /* NetworkingStuff */,
			);
			path = Common;
			sourceTree = "<group>";
		};
		E534871F1C0F424700203548 /* Menu Screen */ = {
			isa = PBXGroup;
			children = (
				E5F44F391C32F4090047B18D /* Model */,
				E5F44F341C32F1790047B18D /* DataManager */,
				E53487201C0F424700203548 /* Controller */,
				E53487221C0F424700203548 /* View */,
			);
			path = "Menu Screen";
			sourceTree = "<group>";
		};
		E53487201C0F424700203548 /* Controller */ = {
			isa = PBXGroup;
			children = (
				E53487231C0F426C00203548 /* PDHMenuScreenController.swift */,
				E59825A01C1200D20033F619 /* PDHSlidingMenuController.swift */,
			);
			path = Controller;
			sourceTree = "<group>";
		};
		E53487221C0F424700203548 /* View */ = {
			isa = PBXGroup;
			children = (
				E53487271C0F42D200203548 /* PDHMenuScreenView.swift */,
				E534872B1C0F5C5C00203548 /* PDHDishSearchTableView.swift */,
				E59825A21C1201200033F619 /* PDHSlidingMenuView.swift */,
				E59825A41C1203850033F619 /* PDHSlidingMenuCustomCell.swift */,
				E56B6D861C17286F003E8E26 /* PDHDishCustomCell.swift */,
				E53AB4481C26C8A9007494DA /* PDHMenuOptionsCell.swift */,
				E59E719A1C36C40A00BAF731 /* PDHQuantitySelectorCell.swift */,
				E59E719C1C36C43C00BAF731 /* PDHQuantitySelectorView.swift */,
			);
			path = View;
			sourceTree = "<group>";
		};
		E53AB43B1C26C84C007494DA /* DishImages */ = {
			isa = PBXGroup;
			children = (
				E53AB44A1C26CE42007494DA /* MenuBg.png */,
				E53AB44B1C26CE42007494DA /* Profile.png */,
				E53AB44E1C26CECF007494DA /* MenuBg1.png */,
				E53AB43C1C26C84C007494DA /* 0.png */,
				E53AB43D1C26C84C007494DA /* 1.png */,
				E53AB43E1C26C84C007494DA /* 2.png */,
				E53AB43F1C26C84C007494DA /* 3.png */,
				E53AB4401C26C84C007494DA /* 4.png */,
				E53AB4411C26C84C007494DA /* 5.png */,
			);
			path = DishImages;
			sourceTree = "<group>";
		};
		E53AB4D01C2FD7FC000E6F07 /* BasePDHClasses */ = {
			isa = PBXGroup;
			children = (
				E53AB4D11C2FD7FC000E6F07 /* PDHDataManager.swift */,
				E53AB4D21C2FD7FC000E6F07 /* PDHView.swift */,
				E53AB4D31C2FD7FC000E6F07 /* PDHViewController.swift */,
				E53AB5031C30546F000E6F07 /* PDHDataParser.swift */,
			);
			path = BasePDHClasses;
			sourceTree = "<group>";
		};
		E53AB4D41C2FD7FC000E6F07 /* CustomViews */ = {
			isa = PBXGroup;
			children = (
				E53AB4D51C2FD7FC000E6F07 /* PDHButton.swift */,
				E53AB4D61C2FD7FC000E6F07 /* PDHCustomCircleButton.swift */,
				E53AB4D71C2FD7FC000E6F07 /* PDHCustomCircleLabel.swift */,
				E53AB4D81C2FD7FC000E6F07 /* PDHCustomCurveView.swift */,
				E53AB4D91C2FD7FC000E6F07 /* PDHCustomDishCartView.swift */,
				E53AB4DA1C2FD7FC000E6F07 /* PDHCustomDishCartView.xib */,
				E53AB4DB1C2FD7FC000E6F07 /* PDHCustomImageView.swift */,
				E53AB4DC1C2FD7FC000E6F07 /* PDHCustomStepper.swift */,
				E5B4D4091CB3FDC100A6BC8F /* PDHCustomTextField.swift */,
				E53AB4DD1C2FD7FC000E6F07 /* PDHCustomStepper.xib */,
			);
			path = CustomViews;
			sourceTree = "<group>";
		};
		E53AB4DE1C2FD7FC000E6F07 /* NetworkingStuff */ = {
			isa = PBXGroup;
			children = (
				E53AB4DF1C2FD7FC000E6F07 /* PDHDataManagerProtocol.swift */,
				E53AB4E01C2FD7FC000E6F07 /* PDHNetworkManager.swift */,
				E53AB4E11C2FD7FC000E6F07 /* PDHProgressIndicator.swift */,
			);
			path = NetworkingStuff;
			sourceTree = "<group>";
		};
		E53AB4F11C2FD87A000E6F07 /* Error */ = {
			isa = PBXGroup;
			children = (
				E53AB4F21C2FD8BD000E6F07 /* PDHErrorAlert.swift */,
				E53AB4F41C2FDCB4000E6F07 /* PDHErrorObject.swift */,
			);
			path = Error;
			sourceTree = "<group>";
		};
		E53AB4FC1C3052B7000E6F07 /* DataManager */ = {
			isa = PBXGroup;
			children = (
				E53AB4FD1C3052B7000E6F07 /* PDHRegistrationDataManager.swift */,
				E53AB4FF1C3053B7000E6F07 /* PDHRegistrationDataParser.swift */,
			);
			path = DataManager;
			sourceTree = "<group>";
		};
		E53C0D1C1C38F58D00DA776E /* MyProfile */ = {
			isa = PBXGroup;
			children = (
				E53C0D1D1C38F58D00DA776E /* Controller */,
				E53C0D1E1C38F58D00DA776E /* DataManager */,
				E53C0D1F1C38F58D00DA776E /* DataObjects */,
				E53C0D201C38F58D00DA776E /* Views */,
			);
			path = MyProfile;
			sourceTree = "<group>";
		};
		E53C0D1D1C38F58D00DA776E /* Controller */ = {
			isa = PBXGroup;
			children = (
				E53C0D211C38F5A400DA776E /* PDHMyProfileController.swift */,
			);
			path = Controller;
			sourceTree = "<group>";
		};
		E53C0D1E1C38F58D00DA776E /* DataManager */ = {
			isa = PBXGroup;
			children = (
			);
			path = DataManager;
			sourceTree = "<group>";
		};
		E53C0D1F1C38F58D00DA776E /* DataObjects */ = {
			isa = PBXGroup;
			children = (
			);
			path = DataObjects;
			sourceTree = "<group>";
		};
		E53C0D201C38F58D00DA776E /* Views */ = {
			isa = PBXGroup;
			children = (
				E53C0D231C38F5B200DA776E /* PDHMyProfileView.swift */,
			);
			path = Views;
			sourceTree = "<group>";
		};
		E53C0D281C391C0200DA776E /* DataModel */ = {
			isa = PBXGroup;
			children = (
				E53C0D291C391C0200DA776E /* PDHRegistrationObject.swift */,
			);
			path = DataModel;
			sourceTree = "<group>";
		};
		E553E49C1C05F2D9007DD045 = {
			isa = PBXGroup;
			children = (
				E553E4A71C05F2D9007DD045 /* PDH */,
				E553E4A61C05F2D9007DD045 /* Products */,
				D437A35588B2043F0C632536 /* Pods */,
				908CE1B968BE9862C9BD2EF0 /* Frameworks */,
			);
			sourceTree = "<group>";
		};
		E553E4A61C05F2D9007DD045 /* Products */ = {
			isa = PBXGroup;
			children = (
				E553E4A51C05F2D9007DD045 /* PDH.app */,
			);
			name = Products;
			sourceTree = "<group>";
		};
		E553E4A71C05F2D9007DD045 /* PDH */ = {
			isa = PBXGroup;
			children = (
				E553E4A81C05F2D9007DD045 /* AppDelegate.swift */,
				E5E004471C2EF5220082EED6 /* Global */,
				E56AF4111C2E9A7900AC3FCD /* ThirdParty */,
				E52F15531C088A000027DE10 /* Common */,
				E52F152E1C0815CE0027DE10 /* Helper */,
				E5189DA01C077017008CC84C /* LandingPage */,
				E5189DA61C077017008CC84C /* LoginPage */,
				E52F15371C081DE00027DE10 /* RegistrationPage */,
				E534871F1C0F424700203548 /* Menu Screen */,
				E505D0C71C13458400571A4B /* MenuView */,
				E59AB29D1C1485F1003A8F19 /* OrderHistory */,
				E5DE86D81C1D9C760009EEAC /* DeliveryAddress */,
				E5026B771C1F495200B1839E /* OrderConfirmation */,
				E5DF0ED31C2C52FB0042300F /* AddressBook */,
				E5E493581C2D6C8500469745 /* MyOrder */,
				E521B8671C2DA9B8001253BC /* CurrentOrder */,
				E53C0D1C1C38F58D00DA776E /* MyProfile */,
				E553E4AF1C05F2D9007DD045 /* Assets.xcassets */,
				E53AB43B1C26C84C007494DA /* DishImages */,
				E553E4AC1C05F2D9007DD045 /* Main.storyboard */,
				E553E4B11C05F2D9007DD045 /* LaunchScreen.storyboard */,
				E59B4F381C0CBA2B00D1B6E7 /* Resources */,
				E553E4B41C05F2D9007DD045 /* Info.plist */,
			);
			path = PDH;
			sourceTree = "<group>";
		};
		E56AF4111C2E9A7900AC3FCD /* ThirdParty */ = {
			isa = PBXGroup;
			children = (
			);
			path = ThirdParty;
			sourceTree = "<group>";
		};
		E57C3F271CB0F442009615B4 /* DataManager */ = {
			isa = PBXGroup;
			children = (
				E57C3F291CB0F457009615B4 /* PDHAddressDataManager.swift */,
				E57C3F2B1CB0F616009615B4 /* PDHAddressDataParser.swift */,
			);
			path = DataManager;
			sourceTree = "<group>";
		};
		E57C3F281CB0F442009615B4 /* DataModel */ = {
			isa = PBXGroup;
			children = (
				E57C3F2D1CB0F6E3009615B4 /* PDHUserAddressDataObject.swift */,
			);
			path = DataModel;
			sourceTree = "<group>";
		};
		E59AB29D1C1485F1003A8F19 /* OrderHistory */ = {
			isa = PBXGroup;
			children = (
				E59AB29F1C1485F1003A8F19 /* Model */,
				E59AB29E1C1485F1003A8F19 /* Controller */,
				E59AB2A01C1485F1003A8F19 /* Views */,
			);
			path = OrderHistory;
			sourceTree = "<group>";
		};
		E59AB29E1C1485F1003A8F19 /* Controller */ = {
			isa = PBXGroup;
			children = (
				E59AB2A11C148623003A8F19 /* PDHOrderHistoryController.swift */,
			);
			path = Controller;
			sourceTree = "<group>";
		};
		E59AB29F1C1485F1003A8F19 /* Model */ = {
			isa = PBXGroup;
			children = (
			);
			path = Model;
			sourceTree = "<group>";
		};
		E59AB2A01C1485F1003A8F19 /* Views */ = {
			isa = PBXGroup;
			children = (
				E59AB2A51C148632003A8F19 /* PDHOrderHistoryView.swift */,
			);
			path = Views;
			sourceTree = "<group>";
		};
		E59B4F381C0CBA2B00D1B6E7 /* Resources */ = {
			isa = PBXGroup;
			children = (
				E50B9B161C8B1EA400F4E0E3 /* ThirdPartyApps */,
				E59B4F391C0CBA5400D1B6E7 /* SkiaRegular.ttf */,
			);
			path = Resources;
			sourceTree = "<group>";
		};
		E5DE86D81C1D9C760009EEAC /* DeliveryAddress */ = {
			isa = PBXGroup;
			children = (
				E5DE86D91C1D9C760009EEAC /* Controller */,
				E5DE86DA1C1D9C760009EEAC /* Modal */,
				E5DE86DB1C1D9C760009EEAC /* Views */,
			);
			path = DeliveryAddress;
			sourceTree = "<group>";
		};
		E5DE86D91C1D9C760009EEAC /* Controller */ = {
			isa = PBXGroup;
			children = (
				E5DE86DC1C1D9CB20009EEAC /* PDHDeliveryAddressViewController.swift */,
			);
			path = Controller;
			sourceTree = "<group>";
		};
		E5DE86DA1C1D9C760009EEAC /* Modal */ = {
			isa = PBXGroup;
			children = (
			);
			path = Modal;
			sourceTree = "<group>";
		};
		E5DE86DB1C1D9C760009EEAC /* Views */ = {
			isa = PBXGroup;
			children = (
				E5DE86DE1C1D9CFC0009EEAC /* PDHDeliveryAddressView.swift */,
				E535E8D61C1DD7C200B4A9B7 /* PDHDeliveryAddressCustomCell.swift */,
				E535E8D41C1DD6E100B4A9B7 /* PDHEditAddressView.swift */,
				E535E8D21C1DD07D00B4A9B7 /* PDHEditAddressView.xib */,
			);
			path = Views;
			sourceTree = "<group>";
		};
		E5DF0ED31C2C52FB0042300F /* AddressBook */ = {
			isa = PBXGroup;
			children = (
				E57C3F271CB0F442009615B4 /* DataManager */,
				E57C3F281CB0F442009615B4 /* DataModel */,
				E5DF0ED41C2C52FB0042300F /* Controller */,
				E5DF0ED51C2C52FB0042300F /* Model */,
				E5DF0ED61C2C52FB0042300F /* Views */,
			);
			path = AddressBook;
			sourceTree = "<group>";
		};
		E5DF0ED41C2C52FB0042300F /* Controller */ = {
			isa = PBXGroup;
			children = (
				E5DF0ED71C2C53360042300F /* PDHAddressBookViewController.swift */,
				E57C3F2F1CB1197E009615B4 /* PDHNewAddressViewController.swift */,
			);
			path = Controller;
			sourceTree = "<group>";
		};
		E5DF0ED51C2C52FB0042300F /* Model */ = {
			isa = PBXGroup;
			children = (
			);
			path = Model;
			sourceTree = "<group>";
		};
		E5DF0ED61C2C52FB0042300F /* Views */ = {
			isa = PBXGroup;
			children = (
				E5DF0ED91C2C53740042300F /* PDHAddressBookView.swift */,
				E57C3F311CB119BB009615B4 /* PDHNewAddresView.swift */,
			);
			path = Views;
			sourceTree = "<group>";
		};
		E5E004471C2EF5220082EED6 /* Global */ = {
			isa = PBXGroup;
			children = (
				E5E004481C2EF5530082EED6 /* PDHConstantURL.swift */,
				E59E71981C36BCBF00BAF731 /* PDHOrderCart.swift */,
			);
			path = Global;
			sourceTree = "<group>";
		};
		E5E493581C2D6C8500469745 /* MyOrder */ = {
			isa = PBXGroup;
			children = (
				E5E493591C2D6C8500469745 /* Controller */,
				E5E4935A1C2D6C8500469745 /* Model */,
				E5E4935B1C2D6C8500469745 /* Views */,
			);
			path = MyOrder;
			sourceTree = "<group>";
		};
		E5E493591C2D6C8500469745 /* Controller */ = {
			isa = PBXGroup;
			children = (
				E5E4935C1C2D6CAF00469745 /* PDHMyOrderViewController.swift */,
			);
			path = Controller;
			sourceTree = "<group>";
		};
		E5E4935A1C2D6C8500469745 /* Model */ = {
			isa = PBXGroup;
			children = (
			);
			path = Model;
			sourceTree = "<group>";
		};
		E5E4935B1C2D6C8500469745 /* Views */ = {
			isa = PBXGroup;
			children = (
				E5E4935E1C2D6CE300469745 /* PDHMyOrderView.swift */,
			);
			path = Views;
			sourceTree = "<group>";
		};
		E5F44F341C32F1790047B18D /* DataManager */ = {
			isa = PBXGroup;
			children = (
				E5F44F351C32F1A20047B18D /* PDHMenuDataManager.swift */,
				E5F44F3E1C32F7BD0047B18D /* PDHMenuDataParser.swift */,
			);
			path = DataManager;
			sourceTree = "<group>";
		};
		E5F44F391C32F4090047B18D /* Model */ = {
			isa = PBXGroup;
			children = (
				E5F44F3C1C32F4280047B18D /* PDHDishDataObject.swift */,
				E50A07031C35932D001F76C9 /* PDHDishcategoryMenu.swift */,
				E54D314C1C9D9D4E00CD4D11 /* PDHDishOfWeekDataObject.swift */,
				E54D314E1C9D9D8500CD4D11 /* PDHVegDishDataObject.swift */,
				E54D31501C9D9DAF00CD4D11 /* PDHNonVegDishDataObject.swift */,
			);
			path = Model;
			sourceTree = "<group>";
		};
/* End PBXGroup section */

/* Begin PBXNativeTarget section */
		E553E4A41C05F2D9007DD045 /* PDH */ = {
			isa = PBXNativeTarget;
			buildConfigurationList = E553E4CD1C05F2D9007DD045 /* Build configuration list for PBXNativeTarget "PDH" */;
			buildPhases = (
				CB693F1E3D25E6D8BE0A9FD4 /* Check Pods Manifest.lock */,
				E553E4A11C05F2D9007DD045 /* Sources */,
				E553E4A21C05F2D9007DD045 /* Frameworks */,
				E553E4A31C05F2D9007DD045 /* Resources */,
				FB0809FFA3BCCB12454B67BE /* Embed Pods Frameworks */,
				6136BB5257B2CC563401309A /* Copy Pods Resources */,
			);
			buildRules = (
			);
			dependencies = (
			);
			name = PDH;
			productName = PDH;
			productReference = E553E4A51C05F2D9007DD045 /* PDH.app */;
			productType = "com.apple.product-type.application";
		};
/* End PBXNativeTarget section */

/* Begin PBXProject section */
		E553E49D1C05F2D9007DD045 /* Project object */ = {
			isa = PBXProject;
			attributes = {
				CLASSPREFIX = PDH;
				LastSwiftUpdateCheck = 0710;
				LastUpgradeCheck = 0710;
				ORGANIZATIONNAME = "Anshul Solanki";
				TargetAttributes = {
					E553E4A41C05F2D9007DD045 = {
						CreatedOnToolsVersion = 7.1.1;
						DevelopmentTeam = 5N4QD5MNPN;
					};
				};
			};
			buildConfigurationList = E553E4A01C05F2D9007DD045 /* Build configuration list for PBXProject "PDH" */;
			compatibilityVersion = "Xcode 3.2";
			developmentRegion = English;
			hasScannedForEncodings = 0;
			knownRegions = (
				en,
				Base,
			);
			mainGroup = E553E49C1C05F2D9007DD045;
			productRefGroup = E553E4A61C05F2D9007DD045 /* Products */;
			projectDirPath = "";
			projectRoot = "";
			targets = (
				E553E4A41C05F2D9007DD045 /* PDH */,
			);
		};
/* End PBXProject section */

/* Begin PBXResourcesBuildPhase section */
		E553E4A31C05F2D9007DD045 /* Resources */ = {
			isa = PBXResourcesBuildPhase;
			buildActionMask = 2147483647;
			files = (
				E53AB4451C26C84C007494DA /* 3.png in Resources */,
				E553E4B31C05F2D9007DD045 /* LaunchScreen.storyboard in Resources */,
				E53AB4421C26C84C007494DA /* 0.png in Resources */,
				E553E4B01C05F2D9007DD045 /* Assets.xcassets in Resources */,
				E53AB44D1C26CE42007494DA /* Profile.png in Resources */,
				E59B4F3A1C0CBA5400D1B6E7 /* SkiaRegular.ttf in Resources */,
				E59B4F3E1C0CC39000D1B6E7 /* Info.plist in Resources */,
				E53AB4471C26C84C007494DA /* 5.png in Resources */,
				E53AB4441C26C84C007494DA /* 2.png in Resources */,
				E535E8D31C1DD07D00B4A9B7 /* PDHEditAddressView.xib in Resources */,
				E53AB4431C26C84C007494DA /* 1.png in Resources */,
				E53AB4461C26C84C007494DA /* 4.png in Resources */,
				E53AB44C1C26CE42007494DA /* MenuBg.png in Resources */,
				E53AB4ED1C2FD7FC000E6F07 /* PDHCustomStepper.xib in Resources */,
				E53AB44F1C26CECF007494DA /* MenuBg1.png in Resources */,
				E53AB4EA1C2FD7FC000E6F07 /* PDHCustomDishCartView.xib in Resources */,
				E553E4AE1C05F2D9007DD045 /* Main.storyboard in Resources */,
			);
			runOnlyForDeploymentPostprocessing = 0;
		};
/* End PBXResourcesBuildPhase section */

/* Begin PBXShellScriptBuildPhase section */
		6136BB5257B2CC563401309A /* Copy Pods Resources */ = {
			isa = PBXShellScriptBuildPhase;
			buildActionMask = 2147483647;
			files = (
			);
			inputPaths = (
			);
			name = "Copy Pods Resources";
			outputPaths = (
			);
			runOnlyForDeploymentPostprocessing = 0;
			shellPath = /bin/sh;
			shellScript = "\"${SRCROOT}/Pods/Target Support Files/Pods-PDH/Pods-PDH-resources.sh\"\n";
			showEnvVarsInLog = 0;
		};
		CB693F1E3D25E6D8BE0A9FD4 /* Check Pods Manifest.lock */ = {
			isa = PBXShellScriptBuildPhase;
			buildActionMask = 2147483647;
			files = (
			);
			inputPaths = (
			);
			name = "Check Pods Manifest.lock";
			outputPaths = (
			);
			runOnlyForDeploymentPostprocessing = 0;
			shellPath = /bin/sh;
			shellScript = "diff \"${PODS_ROOT}/../Podfile.lock\" \"${PODS_ROOT}/Manifest.lock\" > /dev/null\nif [[ $? != 0 ]] ; then\n    cat << EOM\nerror: The sandbox is not in sync with the Podfile.lock. Run 'pod install' or update your CocoaPods installation.\nEOM\n    exit 1\nfi\n";
			showEnvVarsInLog = 0;
		};
		FB0809FFA3BCCB12454B67BE /* Embed Pods Frameworks */ = {
			isa = PBXShellScriptBuildPhase;
			buildActionMask = 2147483647;
			files = (
			);
			inputPaths = (
			);
			name = "Embed Pods Frameworks";
			outputPaths = (
			);
			runOnlyForDeploymentPostprocessing = 0;
			shellPath = /bin/sh;
			shellScript = "\"${SRCROOT}/Pods/Target Support Files/Pods-PDH/Pods-PDH-frameworks.sh\"\n";
			showEnvVarsInLog = 0;
		};
/* End PBXShellScriptBuildPhase section */

/* Begin PBXSourcesBuildPhase section */
		E553E4A11C05F2D9007DD045 /* Sources */ = {
			isa = PBXSourcesBuildPhase;
			buildActionMask = 2147483647;
			files = (
				E52F154C1C0883510027DE10 /* PDHViewActionProtocol.swift in Sources */,
				E50A07041C35932D001F76C9 /* PDHDishcategoryMenu.swift in Sources */,
				E52F15501C0884B70027DE10 /* PDHActionEnum.swift in Sources */,
				E53AB4E71C2FD7FC000E6F07 /* PDHCustomCircleLabel.swift in Sources */,
				E5DF0EDA1C2C53740042300F /* PDHAddressBookView.swift in Sources */,
				E5DE86DD1C1D9CB20009EEAC /* PDHDeliveryAddressViewController.swift in Sources */,
				E5B4D40A1CB3FDC100A6BC8F /* PDHCustomTextField.swift in Sources */,
				E5026B7C1C1F498000B1839E /* PDHOrderConfirmationViewController.swift in Sources */,
				E54D31511C9D9DAF00CD4D11 /* PDHNonVegDishDataObject.swift in Sources */,
				E5189DAD1C077036008CC84C /* LandingViewController.swift in Sources */,
				E53AB4FE1C3052B7000E6F07 /* PDHRegistrationDataManager.swift in Sources */,
				E57C3F301CB1197E009615B4 /* PDHNewAddressViewController.swift in Sources */,
				E5F44F3D1C32F4280047B18D /* PDHDishDataObject.swift in Sources */,
				E5C721FD1C2DB6F2005FAFD4 /* PDHCurrentOrderView.swift in Sources */,
				E535E8D71C1DD7C200B4A9B7 /* PDHDeliveryAddressCustomCell.swift in Sources */,
				E505D0D01C1346C100571A4B /* PDHDishMenuController.swift in Sources */,
				E52F15401C08233E0027DE10 /* PDHRegistrationController.swift in Sources */,
				E53AB4E31C2FD7FC000E6F07 /* PDHView.swift in Sources */,
				E53AB4F91C2FDDD3000E6F07 /* PDHLoginDataParser.swift in Sources */,
				E53487241C0F426C00203548 /* PDHMenuScreenController.swift in Sources */,
				E59AB2A61C148632003A8F19 /* PDHOrderHistoryView.swift in Sources */,
				E53C0D221C38F5A400DA776E /* PDHMyProfileController.swift in Sources */,
				E57C3F321CB119BB009615B4 /* PDHNewAddresView.swift in Sources */,
				E57C3F341CB12099009615B4 /* PDHExtensions.swift in Sources */,
				E59AB2A21C148623003A8F19 /* PDHOrderHistoryController.swift in Sources */,
				E534872C1C0F5C5C00203548 /* PDHDishSearchTableView.swift in Sources */,
				E5189DB91C0770E5008CC84C /* LandingView.swift in Sources */,
				E53AB4E21C2FD7FC000E6F07 /* PDHDataManager.swift in Sources */,
				E535E8D51C1DD6E100B4A9B7 /* PDHEditAddressView.swift in Sources */,
				E5189DB11C07705E008CC84C /* PDHLoginViewController.swift in Sources */,
				E53C0D241C38F5B200DA776E /* PDHMyProfileView.swift in Sources */,
				E5F44F361C32F1A20047B18D /* PDHMenuDataManager.swift in Sources */,
				E59825A11C1200D20033F619 /* PDHSlidingMenuController.swift in Sources */,
				E53C0D2A1C391C0200DA776E /* PDHRegistrationObject.swift in Sources */,
				E5E004491C2EF5530082EED6 /* PDHConstantURL.swift in Sources */,
				E57C3F2C1CB0F616009615B4 /* PDHAddressDataParser.swift in Sources */,
				E56B6D871C17286F003E8E26 /* PDHDishCustomCell.swift in Sources */,
				E59825A51C1203850033F619 /* PDHSlidingMenuCustomCell.swift in Sources */,
				E53AB4E81C2FD7FC000E6F07 /* PDHCustomCurveView.swift in Sources */,
				E53C0D1B1C38EF1400DA776E /* PDHMenuContainerViewController.swift in Sources */,
				E53AB4E61C2FD7FC000E6F07 /* PDHCustomCircleButton.swift in Sources */,
				E53AB4E41C2FD7FC000E6F07 /* PDHViewController.swift in Sources */,
				E505D0CC1C1345AA00571A4B /* PDHMenuViewController.swift in Sources */,
				E59E719B1C36C40A00BAF731 /* PDHQuantitySelectorCell.swift in Sources */,
				E53AB5001C3053B7000E6F07 /* PDHRegistrationDataParser.swift in Sources */,
				E53AB4E51C2FD7FC000E6F07 /* PDHButton.swift in Sources */,
				E57C3F2E1CB0F6E3009615B4 /* PDHUserAddressDataObject.swift in Sources */,
				E53AB4EC1C2FD7FC000E6F07 /* PDHCustomStepper.swift in Sources */,
				E59E719D1C36C43C00BAF731 /* PDHQuantitySelectorView.swift in Sources */,
				E5EF143D1C1D4C450097E70E /* PDHOverlayView.swift in Sources */,
				E53AB5041C30546F000E6F07 /* PDHDataParser.swift in Sources */,
				E54D314F1C9D9D8500CD4D11 /* PDHVegDishDataObject.swift in Sources */,
				E53AB4E91C2FD7FC000E6F07 /* PDHCustomDishCartView.swift in Sources */,
				E54D314D1C9D9D4E00CD4D11 /* PDHDishOfWeekDataObject.swift in Sources */,
				E5E4935D1C2D6CAF00469745 /* PDHMyOrderViewController.swift in Sources */,
				E53AB4EF1C2FD7FC000E6F07 /* PDHNetworkManager.swift in Sources */,
				E5026B7E1C1F49B600B1839E /* PDHOrderConfirmationView.swift in Sources */,
				E5C721FB1C2DB6E0005FAFD4 /* PDHCurrentOrderController.swift in Sources */,
				E5189DB51C0770DB008CC84C /* PDHLoginView.swift in Sources */,
				E5E4935F1C2D6CE300469745 /* PDHMyOrderView.swift in Sources */,
				E52F15301C0815E80027DE10 /* PDHHelper.swift in Sources */,
				E53AB4F71C2FDD04000E6F07 /* PDHLoginInfoDataObject.swift in Sources */,
				E5DE86DF1C1D9CFC0009EEAC /* PDHDeliveryAddressView.swift in Sources */,
				E553E4A91C05F2D9007DD045 /* AppDelegate.swift in Sources */,
				E53AB4EE1C2FD7FC000E6F07 /* PDHDataManagerProtocol.swift in Sources */,
				E53AB4F51C2FDCB4000E6F07 /* PDHErrorObject.swift in Sources */,
				E53AB4491C26C8A9007494DA /* PDHMenuOptionsCell.swift in Sources */,
				E5E0044F1C2EFCE00082EED6 /* PDHLoginDataManager.swift in Sources */,
				E53487281C0F42D200203548 /* PDHMenuScreenView.swift in Sources */,
				E53AB4EB1C2FD7FC000E6F07 /* PDHCustomImageView.swift in Sources */,
				E52F15341C081B430027DE10 /* PDHUtilityExtension.swift in Sources */,
				E57C3F2A1CB0F457009615B4 /* PDHAddressDataManager.swift in Sources */,
				E59E71991C36BCBF00BAF731 /* PDHOrderCart.swift in Sources */,
				E5F44F3F1C32F7BD0047B18D /* PDHMenuDataParser.swift in Sources */,
				E56B6D8D1C173F47003E8E26 /* PDHMenuView.swift in Sources */,
				E5DF0ED81C2C53360042300F /* PDHAddressBookViewController.swift in Sources */,
				E53AB4F01C2FD7FC000E6F07 /* PDHProgressIndicator.swift in Sources */,
				E59825A31C1201200033F619 /* PDHSlidingMenuView.swift in Sources */,
				E53AB4F31C2FD8BD000E6F07 /* PDHErrorAlert.swift in Sources */,
				E52F153E1C0823250027DE10 /* PDHRegistrationView.swift in Sources */,
			);
			runOnlyForDeploymentPostprocessing = 0;
		};
/* End PBXSourcesBuildPhase section */

/* Begin PBXVariantGroup section */
		E553E4AC1C05F2D9007DD045 /* Main.storyboard */ = {
			isa = PBXVariantGroup;
			children = (
				E553E4AD1C05F2D9007DD045 /* Base */,
			);
			name = Main.storyboard;
			sourceTree = "<group>";
		};
		E553E4B11C05F2D9007DD045 /* LaunchScreen.storyboard */ = {
			isa = PBXVariantGroup;
			children = (
				E553E4B21C05F2D9007DD045 /* Base */,
			);
			name = LaunchScreen.storyboard;
			sourceTree = "<group>";
		};
/* End PBXVariantGroup section */

/* Begin XCBuildConfiguration section */
		E553E4CB1C05F2D9007DD045 /* Debug */ = {
			isa = XCBuildConfiguration;
			buildSettings = {
				ALWAYS_SEARCH_USER_PATHS = NO;
				CLANG_CXX_LANGUAGE_STANDARD = "gnu++0x";
				CLANG_CXX_LIBRARY = "libc++";
				CLANG_ENABLE_MODULES = YES;
				CLANG_ENABLE_OBJC_ARC = YES;
				CLANG_WARN_BOOL_CONVERSION = YES;
				CLANG_WARN_CONSTANT_CONVERSION = YES;
				CLANG_WARN_DIRECT_OBJC_ISA_USAGE = YES_ERROR;
				CLANG_WARN_EMPTY_BODY = YES;
				CLANG_WARN_ENUM_CONVERSION = YES;
				CLANG_WARN_INT_CONVERSION = YES;
				CLANG_WARN_OBJC_ROOT_CLASS = YES_ERROR;
				CLANG_WARN_UNREACHABLE_CODE = YES;
				CLANG_WARN__DUPLICATE_METHOD_MATCH = YES;
				CODE_SIGN_IDENTITY = "iPhone Developer: Michael Ayers (2H8DP7VDNN)";
				"CODE_SIGN_IDENTITY[sdk=iphoneos*]" = "iPhone Developer";
				COPY_PHASE_STRIP = NO;
				DEBUG_INFORMATION_FORMAT = dwarf;
				DEFINES_MODULE = YES;
				ENABLE_STRICT_OBJC_MSGSEND = YES;
				ENABLE_TESTABILITY = YES;
				GCC_C_LANGUAGE_STANDARD = gnu99;
				GCC_DYNAMIC_NO_PIC = NO;
				GCC_NO_COMMON_BLOCKS = YES;
				GCC_OPTIMIZATION_LEVEL = 0;
				GCC_PREPROCESSOR_DEFINITIONS = (
					"DEBUG=1",
					"$(inherited)",
				);
				GCC_WARN_64_TO_32_BIT_CONVERSION = YES;
				GCC_WARN_ABOUT_RETURN_TYPE = YES_ERROR;
				GCC_WARN_UNDECLARED_SELECTOR = YES;
				GCC_WARN_UNINITIALIZED_AUTOS = YES_AGGRESSIVE;
				GCC_WARN_UNUSED_FUNCTION = YES;
				GCC_WARN_UNUSED_VARIABLE = YES;
				IPHONEOS_DEPLOYMENT_TARGET = 9.0;
				MTL_ENABLE_DEBUG_INFO = YES;
				ONLY_ACTIVE_ARCH = YES;
				PRODUCT_MODULE_NAME = PDH;
				PROVISIONING_PROFILE = "06d5e7c9-b3c9-4c96-8fca-d59381df7c3f";
				SDKROOT = iphoneos;
				SWIFT_OBJC_BRIDGING_HEADER = "";
				SWIFT_OPTIMIZATION_LEVEL = "-Onone";
			};
			name = Debug;
		};
		E553E4CC1C05F2D9007DD045 /* Release */ = {
			isa = XCBuildConfiguration;
			buildSettings = {
				ALWAYS_SEARCH_USER_PATHS = NO;
				CLANG_CXX_LANGUAGE_STANDARD = "gnu++0x";
				CLANG_CXX_LIBRARY = "libc++";
				CLANG_ENABLE_MODULES = YES;
				CLANG_ENABLE_OBJC_ARC = YES;
				CLANG_WARN_BOOL_CONVERSION = YES;
				CLANG_WARN_CONSTANT_CONVERSION = YES;
				CLANG_WARN_DIRECT_OBJC_ISA_USAGE = YES_ERROR;
				CLANG_WARN_EMPTY_BODY = YES;
				CLANG_WARN_ENUM_CONVERSION = YES;
				CLANG_WARN_INT_CONVERSION = YES;
				CLANG_WARN_OBJC_ROOT_CLASS = YES_ERROR;
				CLANG_WARN_UNREACHABLE_CODE = YES;
				CLANG_WARN__DUPLICATE_METHOD_MATCH = YES;
				CODE_SIGN_IDENTITY = "iPhone Developer: Michael Ayers (2H8DP7VDNN)";
				"CODE_SIGN_IDENTITY[sdk=iphoneos*]" = "iPhone Developer";
				COPY_PHASE_STRIP = NO;
				DEBUG_INFORMATION_FORMAT = "dwarf-with-dsym";
				DEFINES_MODULE = YES;
				ENABLE_NS_ASSERTIONS = NO;
				ENABLE_STRICT_OBJC_MSGSEND = YES;
				GCC_C_LANGUAGE_STANDARD = gnu99;
				GCC_NO_COMMON_BLOCKS = YES;
				GCC_WARN_64_TO_32_BIT_CONVERSION = YES;
				GCC_WARN_ABOUT_RETURN_TYPE = YES_ERROR;
				GCC_WARN_UNDECLARED_SELECTOR = YES;
				GCC_WARN_UNINITIALIZED_AUTOS = YES_AGGRESSIVE;
				GCC_WARN_UNUSED_FUNCTION = YES;
				GCC_WARN_UNUSED_VARIABLE = YES;
				IPHONEOS_DEPLOYMENT_TARGET = 9.0;
				MTL_ENABLE_DEBUG_INFO = NO;
				PRODUCT_MODULE_NAME = PDH;
				PROVISIONING_PROFILE = "06d5e7c9-b3c9-4c96-8fca-d59381df7c3f";
				SDKROOT = iphoneos;
				SWIFT_OBJC_BRIDGING_HEADER = "";
				VALIDATE_PRODUCT = YES;
			};
			name = Release;
		};
		E553E4CE1C05F2D9007DD045 /* Debug */ = {
			isa = XCBuildConfiguration;
			baseConfigurationReference = 84D5D793061CFC3FD2A59C6B /* Pods-PDH.debug.xcconfig */;
			buildSettings = {
				ALWAYS_SEARCH_USER_PATHS = NO;
				ASSETCATALOG_COMPILER_APPICON_NAME = AppIcon;
				CLANG_ENABLE_MODULES = YES;
				CODE_SIGN_IDENTITY = "iPhone Developer";
				"CODE_SIGN_IDENTITY[sdk=iphoneos*]" = "iPhone Developer";
				FRAMEWORK_SEARCH_PATHS = (
					"$(inherited)",
					"$(PROJECT_DIR)",
					"$(PROJECT_DIR)/PDH/Resources/ThirdPartyApps",
				);
				HEADER_SEARCH_PATHS = (
					"$(inherited)",
					"\"${PODS_ROOT}/Headers/Public\"",
				);
				INFOPLIST_FILE = PDH/Info.plist;
				IPHONEOS_DEPLOYMENT_TARGET = 8.0;
				LD_RUNPATH_SEARCH_PATHS = "$(inherited) @executable_path/Frameworks";
				LIBRARY_SEARCH_PATHS = (
					"$(inherited)",
					"$(PROJECT_DIR)/PDH/Resources",
				);
				OTHER_LDFLAGS = "";
				PRODUCT_BUNDLE_IDENTIFIER = com.PDH;
				PRODUCT_NAME = "$(TARGET_NAME)";
				PROVISIONING_PROFILE = "";
				SWIFT_OBJC_BRIDGING_HEADER = "";
				SWIFT_OPTIMIZATION_LEVEL = "-Onone";
				USER_HEADER_SEARCH_PATHS = "";
			};
			name = Debug;
		};
		E553E4CF1C05F2D9007DD045 /* Release */ = {
			isa = XCBuildConfiguration;
			baseConfigurationReference = 6E06ED873E7A19F8574FC0AE /* Pods-PDH.release.xcconfig */;
			buildSettings = {
				ALWAYS_SEARCH_USER_PATHS = NO;
				ASSETCATALOG_COMPILER_APPICON_NAME = AppIcon;
				CLANG_ENABLE_MODULES = YES;
				CODE_SIGN_IDENTITY = "iPhone Developer";
				"CODE_SIGN_IDENTITY[sdk=iphoneos*]" = "iPhone Developer";
				FRAMEWORK_SEARCH_PATHS = (
					"$(inherited)",
					"$(PROJECT_DIR)",
					"$(PROJECT_DIR)/PDH/Resources/ThirdPartyApps",
				);
				HEADER_SEARCH_PATHS = (
					"$(inherited)",
					"\"${PODS_ROOT}/Headers/Public\"",
				);
				INFOPLIST_FILE = PDH/Info.plist;
				IPHONEOS_DEPLOYMENT_TARGET = 8.0;
				LD_RUNPATH_SEARCH_PATHS = "$(inherited) @executable_path/Frameworks";
				LIBRARY_SEARCH_PATHS = (
					"$(inherited)",
					"$(PROJECT_DIR)/PDH/Resources",
				);
				OTHER_LDFLAGS = "";
				PRODUCT_BUNDLE_IDENTIFIER = com.PDH;
				PRODUCT_NAME = "$(TARGET_NAME)";
				PROVISIONING_PROFILE = "";
				SWIFT_OBJC_BRIDGING_HEADER = "";
				USER_HEADER_SEARCH_PATHS = "";
			};
			name = Release;
		};
/* End XCBuildConfiguration section */

/* Begin XCConfigurationList section */
		E553E4A01C05F2D9007DD045 /* Build configuration list for PBXProject "PDH" */ = {
			isa = XCConfigurationList;
			buildConfigurations = (
				E553E4CB1C05F2D9007DD045 /* Debug */,
				E553E4CC1C05F2D9007DD045 /* Release */,
			);
			defaultConfigurationIsVisible = 0;
			defaultConfigurationName = Release;
		};
		E553E4CD1C05F2D9007DD045 /* Build configuration list for PBXNativeTarget "PDH" */ = {
			isa = XCConfigurationList;
			buildConfigurations = (
				E553E4CE1C05F2D9007DD045 /* Debug */,
				E553E4CF1C05F2D9007DD045 /* Release */,
			);
			defaultConfigurationIsVisible = 0;
			defaultConfigurationName = Release;
		};
/* End XCConfigurationList section */
	};
	rootObject = E553E49D1C05F2D9007DD045 /* Project object */;
}
