// !$*UTF8*$!
{
	archiveVersion = 1;
	classes = {
	};
	objectVersion = 46;
	objects = {

/* Begin PBXBuildFile section */
		E5026B7C1C1F498000B1839E /* PDHOrderConfirmationViewController.swift in Sources */ = {isa = PBXBuildFile; fileRef = E5026B7B1C1F498000B1839E /* PDHOrderConfirmationViewController.swift */; settings = {ASSET_TAGS = (); }; };
		E5026B7E1C1F49B600B1839E /* PDHOrderConfirmationView.swift in Sources */ = {isa = PBXBuildFile; fileRef = E5026B7D1C1F49B600B1839E /* PDHOrderConfirmationView.swift */; settings = {ASSET_TAGS = (); }; };
		E505D0CC1C1345AA00571A4B /* MenuViewController.swift in Sources */ = {isa = PBXBuildFile; fileRef = E505D0CB1C1345AA00571A4B /* MenuViewController.swift */; settings = {ASSET_TAGS = (); }; };
		E505D0D01C1346C100571A4B /* DishMenuController.swift in Sources */ = {isa = PBXBuildFile; fileRef = E505D0CF1C1346C100571A4B /* DishMenuController.swift */; settings = {ASSET_TAGS = (); }; };
		E5189DAD1C077036008CC84C /* LandingViewController.swift in Sources */ = {isa = PBXBuildFile; fileRef = E5189DAC1C077036008CC84C /* LandingViewController.swift */; };
		E5189DB11C07705E008CC84C /* LoginViewController.swift in Sources */ = {isa = PBXBuildFile; fileRef = E5189DB01C07705E008CC84C /* LoginViewController.swift */; };
		E5189DB51C0770DB008CC84C /* LoginView.swift in Sources */ = {isa = PBXBuildFile; fileRef = E5189DB41C0770DB008CC84C /* LoginView.swift */; };
		E5189DB91C0770E5008CC84C /* LandingView.swift in Sources */ = {isa = PBXBuildFile; fileRef = E5189DB81C0770E5008CC84C /* LandingView.swift */; };
		E52F15301C0815E80027DE10 /* PDHHelper.swift in Sources */ = {isa = PBXBuildFile; fileRef = E52F152F1C0815E80027DE10 /* PDHHelper.swift */; };
		E52F15341C081B430027DE10 /* PDHUtilityExtension.swift in Sources */ = {isa = PBXBuildFile; fileRef = E52F15331C081B430027DE10 /* PDHUtilityExtension.swift */; };
		E52F153E1C0823250027DE10 /* RegistrationView.swift in Sources */ = {isa = PBXBuildFile; fileRef = E52F153D1C0823250027DE10 /* RegistrationView.swift */; };
		E52F15401C08233E0027DE10 /* RegistrationController.swift in Sources */ = {isa = PBXBuildFile; fileRef = E52F153F1C08233E0027DE10 /* RegistrationController.swift */; };
		E52F154C1C0883510027DE10 /* PDHViewActionProtocol.swift in Sources */ = {isa = PBXBuildFile; fileRef = E52F154B1C0883510027DE10 /* PDHViewActionProtocol.swift */; };
		E52F15501C0884B70027DE10 /* PDHActionEnum.swift in Sources */ = {isa = PBXBuildFile; fileRef = E52F154F1C0884B70027DE10 /* PDHActionEnum.swift */; };
		E52F15551C088A0D0027DE10 /* PDHView.swift in Sources */ = {isa = PBXBuildFile; fileRef = E52F15541C088A0D0027DE10 /* PDHView.swift */; };
		E53487241C0F426C00203548 /* MenuScreenController.swift in Sources */ = {isa = PBXBuildFile; fileRef = E53487231C0F426C00203548 /* MenuScreenController.swift */; };
		E53487281C0F42D200203548 /* MenuScreenView.swift in Sources */ = {isa = PBXBuildFile; fileRef = E53487271C0F42D200203548 /* MenuScreenView.swift */; };
		E534872C1C0F5C5C00203548 /* DishSearchTableView.swift in Sources */ = {isa = PBXBuildFile; fileRef = E534872B1C0F5C5C00203548 /* DishSearchTableView.swift */; };
		E535E8D31C1DD07D00B4A9B7 /* PDHEditAddressView.xib in Resources */ = {isa = PBXBuildFile; fileRef = E535E8D21C1DD07D00B4A9B7 /* PDHEditAddressView.xib */; settings = {ASSET_TAGS = (); }; };
		E535E8D51C1DD6E100B4A9B7 /* PDHEditAddressView.swift in Sources */ = {isa = PBXBuildFile; fileRef = E535E8D41C1DD6E100B4A9B7 /* PDHEditAddressView.swift */; settings = {ASSET_TAGS = (); }; };
		E535E8D71C1DD7C200B4A9B7 /* PDHDeliveryAddressCustomCell.swift in Sources */ = {isa = PBXBuildFile; fileRef = E535E8D61C1DD7C200B4A9B7 /* PDHDeliveryAddressCustomCell.swift */; settings = {ASSET_TAGS = (); }; };
		E5368A861C16B5E600A487F1 /* PDHCustomStepper.swift in Sources */ = {isa = PBXBuildFile; fileRef = E5368A851C16B5E600A487F1 /* PDHCustomStepper.swift */; settings = {ASSET_TAGS = (); }; };
		E5368A8A1C16B62500A487F1 /* PDHCustomStepper.xib in Resources */ = {isa = PBXBuildFile; fileRef = E5368A891C16B62500A487F1 /* PDHCustomStepper.xib */; settings = {ASSET_TAGS = (); }; };
		E53AB4421C26C84C007494DA /* 0.png in Resources */ = {isa = PBXBuildFile; fileRef = E53AB43C1C26C84C007494DA /* 0.png */; settings = {ASSET_TAGS = (); }; };
		E53AB4431C26C84C007494DA /* 1.png in Resources */ = {isa = PBXBuildFile; fileRef = E53AB43D1C26C84C007494DA /* 1.png */; settings = {ASSET_TAGS = (); }; };
		E53AB4441C26C84C007494DA /* 2.png in Resources */ = {isa = PBXBuildFile; fileRef = E53AB43E1C26C84C007494DA /* 2.png */; settings = {ASSET_TAGS = (); }; };
		E53AB4451C26C84C007494DA /* 3.png in Resources */ = {isa = PBXBuildFile; fileRef = E53AB43F1C26C84C007494DA /* 3.png */; settings = {ASSET_TAGS = (); }; };
		E53AB4461C26C84C007494DA /* 4.png in Resources */ = {isa = PBXBuildFile; fileRef = E53AB4401C26C84C007494DA /* 4.png */; settings = {ASSET_TAGS = (); }; };
		E53AB4471C26C84C007494DA /* 5.png in Resources */ = {isa = PBXBuildFile; fileRef = E53AB4411C26C84C007494DA /* 5.png */; settings = {ASSET_TAGS = (); }; };
		E53AB4491C26C8A9007494DA /* PDHMenuOptionsCell.swift in Sources */ = {isa = PBXBuildFile; fileRef = E53AB4481C26C8A9007494DA /* PDHMenuOptionsCell.swift */; settings = {ASSET_TAGS = (); }; };
		E53AB44C1C26CE42007494DA /* MenuBg.png in Resources */ = {isa = PBXBuildFile; fileRef = E53AB44A1C26CE42007494DA /* MenuBg.png */; settings = {ASSET_TAGS = (); }; };
		E53AB44D1C26CE42007494DA /* Profile.png in Resources */ = {isa = PBXBuildFile; fileRef = E53AB44B1C26CE42007494DA /* Profile.png */; settings = {ASSET_TAGS = (); }; };
		E53AB44F1C26CECF007494DA /* MenuBg1.png in Resources */ = {isa = PBXBuildFile; fileRef = E53AB44E1C26CECF007494DA /* MenuBg1.png */; settings = {ASSET_TAGS = (); }; };
		E553E4A91C05F2D9007DD045 /* AppDelegate.swift in Sources */ = {isa = PBXBuildFile; fileRef = E553E4A81C05F2D9007DD045 /* AppDelegate.swift */; };
		E553E4AE1C05F2D9007DD045 /* Main.storyboard in Resources */ = {isa = PBXBuildFile; fileRef = E553E4AC1C05F2D9007DD045 /* Main.storyboard */; };
		E553E4B01C05F2D9007DD045 /* Assets.xcassets in Resources */ = {isa = PBXBuildFile; fileRef = E553E4AF1C05F2D9007DD045 /* Assets.xcassets */; };
		E553E4B31C05F2D9007DD045 /* LaunchScreen.storyboard in Resources */ = {isa = PBXBuildFile; fileRef = E553E4B11C05F2D9007DD045 /* LaunchScreen.storyboard */; };
		E56B6D871C17286F003E8E26 /* PDHDishCustomCell.swift in Sources */ = {isa = PBXBuildFile; fileRef = E56B6D861C17286F003E8E26 /* PDHDishCustomCell.swift */; settings = {ASSET_TAGS = (); }; };
		E56B6D8D1C173F47003E8E26 /* PDHMenuView.swift in Sources */ = {isa = PBXBuildFile; fileRef = E56B6D8C1C173F47003E8E26 /* PDHMenuView.swift */; settings = {ASSET_TAGS = (); }; };
		E56B6D911C1743D7003E8E26 /* PDHQuantitySelectorView.swift in Sources */ = {isa = PBXBuildFile; fileRef = E56B6D901C1743D7003E8E26 /* PDHQuantitySelectorView.swift */; settings = {ASSET_TAGS = (); }; };
		E59825A11C1200D20033F619 /* SlidingMenuController.swift in Sources */ = {isa = PBXBuildFile; fileRef = E59825A01C1200D20033F619 /* SlidingMenuController.swift */; settings = {ASSET_TAGS = (); }; };
		E59825A31C1201200033F619 /* SlidingMenuView.swift in Sources */ = {isa = PBXBuildFile; fileRef = E59825A21C1201200033F619 /* SlidingMenuView.swift */; settings = {ASSET_TAGS = (); }; };
		E59825A51C1203850033F619 /* SlidingMenuCustomCell.swift in Sources */ = {isa = PBXBuildFile; fileRef = E59825A41C1203850033F619 /* SlidingMenuCustomCell.swift */; settings = {ASSET_TAGS = (); }; };
		E59AB2A21C148623003A8F19 /* OrderHistoryController.swift in Sources */ = {isa = PBXBuildFile; fileRef = E59AB2A11C148623003A8F19 /* OrderHistoryController.swift */; settings = {ASSET_TAGS = (); }; };
		E59AB2A61C148632003A8F19 /* OrderHistoryView.swift in Sources */ = {isa = PBXBuildFile; fileRef = E59AB2A51C148632003A8F19 /* OrderHistoryView.swift */; settings = {ASSET_TAGS = (); }; };
		E59B4F3A1C0CBA5400D1B6E7 /* SkiaRegular.ttf in Resources */ = {isa = PBXBuildFile; fileRef = E59B4F391C0CBA5400D1B6E7 /* SkiaRegular.ttf */; };
		E59B4F3E1C0CC39000D1B6E7 /* Info.plist in Resources */ = {isa = PBXBuildFile; fileRef = E553E4B41C05F2D9007DD045 /* Info.plist */; };
		E5C721FB1C2DB6E0005FAFD4 /* PDHCurrentOrderController.swift in Sources */ = {isa = PBXBuildFile; fileRef = E5C721FA1C2DB6E0005FAFD4 /* PDHCurrentOrderController.swift */; settings = {ASSET_TAGS = (); }; };
		E5C721FD1C2DB6F2005FAFD4 /* PDHCurrentOrderView.swift in Sources */ = {isa = PBXBuildFile; fileRef = E5C721FC1C2DB6F2005FAFD4 /* PDHCurrentOrderView.swift */; settings = {ASSET_TAGS = (); }; };
		E5DE86DD1C1D9CB20009EEAC /* PDHDeliveryAddressViewController.swift in Sources */ = {isa = PBXBuildFile; fileRef = E5DE86DC1C1D9CB20009EEAC /* PDHDeliveryAddressViewController.swift */; settings = {ASSET_TAGS = (); }; };
		E5DE86DF1C1D9CFC0009EEAC /* PDHDeliveryAddressView.swift in Sources */ = {isa = PBXBuildFile; fileRef = E5DE86DE1C1D9CFC0009EEAC /* PDHDeliveryAddressView.swift */; settings = {ASSET_TAGS = (); }; };
		E5DF0ED81C2C53360042300F /* PDHAddressBookViewController.swift in Sources */ = {isa = PBXBuildFile; fileRef = E5DF0ED71C2C53360042300F /* PDHAddressBookViewController.swift */; settings = {ASSET_TAGS = (); }; };
		E5DF0EDA1C2C53740042300F /* PDHAddressBookView.swift in Sources */ = {isa = PBXBuildFile; fileRef = E5DF0ED91C2C53740042300F /* PDHAddressBookView.swift */; settings = {ASSET_TAGS = (); }; };
		E5E4935D1C2D6CAF00469745 /* PDHMyOrderViewController.swift in Sources */ = {isa = PBXBuildFile; fileRef = E5E4935C1C2D6CAF00469745 /* PDHMyOrderViewController.swift */; settings = {ASSET_TAGS = (); }; };
		E5E4935F1C2D6CE300469745 /* PDHMyOrderView.swift in Sources */ = {isa = PBXBuildFile; fileRef = E5E4935E1C2D6CE300469745 /* PDHMyOrderView.swift */; settings = {ASSET_TAGS = (); }; };
		E5E7802D1C15FD0300800B9C /* PDHCustomCurveView.swift in Sources */ = {isa = PBXBuildFile; fileRef = E5E7802C1C15FD0300800B9C /* PDHCustomCurveView.swift */; settings = {ASSET_TAGS = (); }; };
		E5E780311C16045600800B9C /* PDHCustomCircleButton.swift in Sources */ = {isa = PBXBuildFile; fileRef = E5E780301C16045600800B9C /* PDHCustomCircleButton.swift */; settings = {ASSET_TAGS = (); }; };
		E5EB7ECF1C2B0BC90027F36B /* PDHCustomCircleLabel.swift in Sources */ = {isa = PBXBuildFile; fileRef = E5EB7ECE1C2B0BC90027F36B /* PDHCustomCircleLabel.swift */; settings = {ASSET_TAGS = (); }; };
		E5EE2F4B1C26838000A1C92A /* PDHCustomImageView.swift in Sources */ = {isa = PBXBuildFile; fileRef = E5EE2F4A1C26838000A1C92A /* PDHCustomImageView.swift */; settings = {ASSET_TAGS = (); }; };
		E5EF143D1C1D4C450097E70E /* PDHOverlayView.swift in Sources */ = {isa = PBXBuildFile; fileRef = E5EF143C1C1D4C450097E70E /* PDHOverlayView.swift */; settings = {ASSET_TAGS = (); }; };
		E5F08F921C12BF4E0017B703 /* PDHButton.swift in Sources */ = {isa = PBXBuildFile; fileRef = E5F08F911C12BF4E0017B703 /* PDHButton.swift */; settings = {ASSET_TAGS = (); }; };
/* End PBXBuildFile section */

/* Begin PBXFileReference section */
		E5026B7B1C1F498000B1839E /* PDHOrderConfirmationViewController.swift */ = {isa = PBXFileReference; fileEncoding = 4; lastKnownFileType = sourcecode.swift; path = PDHOrderConfirmationViewController.swift; sourceTree = "<group>"; };
		E5026B7D1C1F49B600B1839E /* PDHOrderConfirmationView.swift */ = {isa = PBXFileReference; fileEncoding = 4; lastKnownFileType = sourcecode.swift; path = PDHOrderConfirmationView.swift; sourceTree = "<group>"; };
		E505D0CB1C1345AA00571A4B /* MenuViewController.swift */ = {isa = PBXFileReference; fileEncoding = 4; lastKnownFileType = sourcecode.swift; path = MenuViewController.swift; sourceTree = "<group>"; };
		E505D0CF1C1346C100571A4B /* DishMenuController.swift */ = {isa = PBXFileReference; fileEncoding = 4; lastKnownFileType = sourcecode.swift; path = DishMenuController.swift; sourceTree = "<group>"; };
		E5189DAC1C077036008CC84C /* LandingViewController.swift */ = {isa = PBXFileReference; fileEncoding = 4; lastKnownFileType = sourcecode.swift; path = LandingViewController.swift; sourceTree = "<group>"; };
		E5189DB01C07705E008CC84C /* LoginViewController.swift */ = {isa = PBXFileReference; fileEncoding = 4; lastKnownFileType = sourcecode.swift; path = LoginViewController.swift; sourceTree = "<group>"; };
		E5189DB41C0770DB008CC84C /* LoginView.swift */ = {isa = PBXFileReference; fileEncoding = 4; lastKnownFileType = sourcecode.swift; path = LoginView.swift; sourceTree = "<group>"; };
		E5189DB81C0770E5008CC84C /* LandingView.swift */ = {isa = PBXFileReference; fileEncoding = 4; lastKnownFileType = sourcecode.swift; path = LandingView.swift; sourceTree = "<group>"; };
		E52F152F1C0815E80027DE10 /* PDHHelper.swift */ = {isa = PBXFileReference; fileEncoding = 4; lastKnownFileType = sourcecode.swift; path = PDHHelper.swift; sourceTree = "<group>"; };
		E52F15331C081B430027DE10 /* PDHUtilityExtension.swift */ = {isa = PBXFileReference; fileEncoding = 4; lastKnownFileType = sourcecode.swift; path = PDHUtilityExtension.swift; sourceTree = "<group>"; };
		E52F153D1C0823250027DE10 /* RegistrationView.swift */ = {isa = PBXFileReference; fileEncoding = 4; lastKnownFileType = sourcecode.swift; path = RegistrationView.swift; sourceTree = "<group>"; };
		E52F153F1C08233E0027DE10 /* RegistrationController.swift */ = {isa = PBXFileReference; fileEncoding = 4; lastKnownFileType = sourcecode.swift; path = RegistrationController.swift; sourceTree = "<group>"; };
		E52F154B1C0883510027DE10 /* PDHViewActionProtocol.swift */ = {isa = PBXFileReference; fileEncoding = 4; lastKnownFileType = sourcecode.swift; path = PDHViewActionProtocol.swift; sourceTree = "<group>"; };
		E52F154F1C0884B70027DE10 /* PDHActionEnum.swift */ = {isa = PBXFileReference; fileEncoding = 4; lastKnownFileType = sourcecode.swift; path = PDHActionEnum.swift; sourceTree = "<group>"; };
		E52F15541C088A0D0027DE10 /* PDHView.swift */ = {isa = PBXFileReference; fileEncoding = 4; lastKnownFileType = sourcecode.swift; path = PDHView.swift; sourceTree = "<group>"; };
		E53487231C0F426C00203548 /* MenuScreenController.swift */ = {isa = PBXFileReference; fileEncoding = 4; lastKnownFileType = sourcecode.swift; path = MenuScreenController.swift; sourceTree = "<group>"; };
		E53487271C0F42D200203548 /* MenuScreenView.swift */ = {isa = PBXFileReference; fileEncoding = 4; lastKnownFileType = sourcecode.swift; path = MenuScreenView.swift; sourceTree = "<group>"; };
		E534872B1C0F5C5C00203548 /* DishSearchTableView.swift */ = {isa = PBXFileReference; fileEncoding = 4; lastKnownFileType = sourcecode.swift; path = DishSearchTableView.swift; sourceTree = "<group>"; };
		E535E8D21C1DD07D00B4A9B7 /* PDHEditAddressView.xib */ = {isa = PBXFileReference; fileEncoding = 4; lastKnownFileType = file.xib; path = PDHEditAddressView.xib; sourceTree = "<group>"; };
		E535E8D41C1DD6E100B4A9B7 /* PDHEditAddressView.swift */ = {isa = PBXFileReference; fileEncoding = 4; lastKnownFileType = sourcecode.swift; path = PDHEditAddressView.swift; sourceTree = "<group>"; };
		E535E8D61C1DD7C200B4A9B7 /* PDHDeliveryAddressCustomCell.swift */ = {isa = PBXFileReference; fileEncoding = 4; lastKnownFileType = sourcecode.swift; path = PDHDeliveryAddressCustomCell.swift; sourceTree = "<group>"; };
		E5368A851C16B5E600A487F1 /* PDHCustomStepper.swift */ = {isa = PBXFileReference; fileEncoding = 4; lastKnownFileType = sourcecode.swift; path = PDHCustomStepper.swift; sourceTree = "<group>"; };
		E5368A891C16B62500A487F1 /* PDHCustomStepper.xib */ = {isa = PBXFileReference; fileEncoding = 4; lastKnownFileType = file.xib; path = PDHCustomStepper.xib; sourceTree = "<group>"; };
		E53AB43C1C26C84C007494DA /* 0.png */ = {isa = PBXFileReference; lastKnownFileType = image.png; path = 0.png; sourceTree = "<group>"; };
		E53AB43D1C26C84C007494DA /* 1.png */ = {isa = PBXFileReference; lastKnownFileType = image.png; path = 1.png; sourceTree = "<group>"; };
		E53AB43E1C26C84C007494DA /* 2.png */ = {isa = PBXFileReference; lastKnownFileType = image.png; path = 2.png; sourceTree = "<group>"; };
		E53AB43F1C26C84C007494DA /* 3.png */ = {isa = PBXFileReference; lastKnownFileType = image.png; path = 3.png; sourceTree = "<group>"; };
		E53AB4401C26C84C007494DA /* 4.png */ = {isa = PBXFileReference; lastKnownFileType = image.png; path = 4.png; sourceTree = "<group>"; };
		E53AB4411C26C84C007494DA /* 5.png */ = {isa = PBXFileReference; lastKnownFileType = image.png; path = 5.png; sourceTree = "<group>"; };
		E53AB4481C26C8A9007494DA /* PDHMenuOptionsCell.swift */ = {isa = PBXFileReference; fileEncoding = 4; lastKnownFileType = sourcecode.swift; path = PDHMenuOptionsCell.swift; sourceTree = "<group>"; };
		E53AB44A1C26CE42007494DA /* MenuBg.png */ = {isa = PBXFileReference; lastKnownFileType = image.png; path = MenuBg.png; sourceTree = "<group>"; };
		E53AB44B1C26CE42007494DA /* Profile.png */ = {isa = PBXFileReference; lastKnownFileType = image.png; path = Profile.png; sourceTree = "<group>"; };
		E53AB44E1C26CECF007494DA /* MenuBg1.png */ = {isa = PBXFileReference; lastKnownFileType = image.png; path = MenuBg1.png; sourceTree = "<group>"; };
		E553E4A51C05F2D9007DD045 /* PDH.app */ = {isa = PBXFileReference; explicitFileType = wrapper.application; includeInIndex = 0; path = PDH.app; sourceTree = BUILT_PRODUCTS_DIR; };
		E553E4A81C05F2D9007DD045 /* AppDelegate.swift */ = {isa = PBXFileReference; lastKnownFileType = sourcecode.swift; path = AppDelegate.swift; sourceTree = "<group>"; };
		E553E4AD1C05F2D9007DD045 /* Base */ = {isa = PBXFileReference; lastKnownFileType = file.storyboard; name = Base; path = Base.lproj/Main.storyboard; sourceTree = "<group>"; };
		E553E4AF1C05F2D9007DD045 /* Assets.xcassets */ = {isa = PBXFileReference; lastKnownFileType = folder.assetcatalog; path = Assets.xcassets; sourceTree = "<group>"; };
		E553E4B21C05F2D9007DD045 /* Base */ = {isa = PBXFileReference; lastKnownFileType = file.storyboard; name = Base; path = Base.lproj/LaunchScreen.storyboard; sourceTree = "<group>"; };
		E553E4B41C05F2D9007DD045 /* Info.plist */ = {isa = PBXFileReference; lastKnownFileType = text.plist.xml; path = Info.plist; sourceTree = "<group>"; };
		E56B6D861C17286F003E8E26 /* PDHDishCustomCell.swift */ = {isa = PBXFileReference; fileEncoding = 4; lastKnownFileType = sourcecode.swift; path = PDHDishCustomCell.swift; sourceTree = "<group>"; };
		E56B6D8C1C173F47003E8E26 /* PDHMenuView.swift */ = {isa = PBXFileReference; fileEncoding = 4; lastKnownFileType = sourcecode.swift; path = PDHMenuView.swift; sourceTree = "<group>"; };
		E56B6D901C1743D7003E8E26 /* PDHQuantitySelectorView.swift */ = {isa = PBXFileReference; fileEncoding = 4; lastKnownFileType = sourcecode.swift; path = PDHQuantitySelectorView.swift; sourceTree = "<group>"; };
		E59825A01C1200D20033F619 /* SlidingMenuController.swift */ = {isa = PBXFileReference; fileEncoding = 4; lastKnownFileType = sourcecode.swift; path = SlidingMenuController.swift; sourceTree = "<group>"; };
		E59825A21C1201200033F619 /* SlidingMenuView.swift */ = {isa = PBXFileReference; fileEncoding = 4; lastKnownFileType = sourcecode.swift; path = SlidingMenuView.swift; sourceTree = "<group>"; };
		E59825A41C1203850033F619 /* SlidingMenuCustomCell.swift */ = {isa = PBXFileReference; fileEncoding = 4; lastKnownFileType = sourcecode.swift; path = SlidingMenuCustomCell.swift; sourceTree = "<group>"; };
		E59AB2A11C148623003A8F19 /* OrderHistoryController.swift */ = {isa = PBXFileReference; fileEncoding = 4; lastKnownFileType = sourcecode.swift; path = OrderHistoryController.swift; sourceTree = "<group>"; };
		E59AB2A51C148632003A8F19 /* OrderHistoryView.swift */ = {isa = PBXFileReference; fileEncoding = 4; lastKnownFileType = sourcecode.swift; path = OrderHistoryView.swift; sourceTree = "<group>"; };
		E59B4F391C0CBA5400D1B6E7 /* SkiaRegular.ttf */ = {isa = PBXFileReference; lastKnownFileType = file; path = SkiaRegular.ttf; sourceTree = "<group>"; };
		E5C721FA1C2DB6E0005FAFD4 /* PDHCurrentOrderController.swift */ = {isa = PBXFileReference; fileEncoding = 4; lastKnownFileType = sourcecode.swift; path = PDHCurrentOrderController.swift; sourceTree = "<group>"; };
		E5C721FC1C2DB6F2005FAFD4 /* PDHCurrentOrderView.swift */ = {isa = PBXFileReference; fileEncoding = 4; lastKnownFileType = sourcecode.swift; path = PDHCurrentOrderView.swift; sourceTree = "<group>"; };
		E5DE86DC1C1D9CB20009EEAC /* PDHDeliveryAddressViewController.swift */ = {isa = PBXFileReference; fileEncoding = 4; lastKnownFileType = sourcecode.swift; path = PDHDeliveryAddressViewController.swift; sourceTree = "<group>"; };
		E5DE86DE1C1D9CFC0009EEAC /* PDHDeliveryAddressView.swift */ = {isa = PBXFileReference; fileEncoding = 4; lastKnownFileType = sourcecode.swift; path = PDHDeliveryAddressView.swift; sourceTree = "<group>"; };
		E5DF0ED71C2C53360042300F /* PDHAddressBookViewController.swift */ = {isa = PBXFileReference; fileEncoding = 4; lastKnownFileType = sourcecode.swift; path = PDHAddressBookViewController.swift; sourceTree = "<group>"; };
		E5DF0ED91C2C53740042300F /* PDHAddressBookView.swift */ = {isa = PBXFileReference; fileEncoding = 4; lastKnownFileType = sourcecode.swift; path = PDHAddressBookView.swift; sourceTree = "<group>"; };
		E5E4935C1C2D6CAF00469745 /* PDHMyOrderViewController.swift */ = {isa = PBXFileReference; fileEncoding = 4; lastKnownFileType = sourcecode.swift; path = PDHMyOrderViewController.swift; sourceTree = "<group>"; };
		E5E4935E1C2D6CE300469745 /* PDHMyOrderView.swift */ = {isa = PBXFileReference; fileEncoding = 4; lastKnownFileType = sourcecode.swift; path = PDHMyOrderView.swift; sourceTree = "<group>"; };
		E5E7802C1C15FD0300800B9C /* PDHCustomCurveView.swift */ = {isa = PBXFileReference; fileEncoding = 4; lastKnownFileType = sourcecode.swift; path = PDHCustomCurveView.swift; sourceTree = "<group>"; };
		E5E780301C16045600800B9C /* PDHCustomCircleButton.swift */ = {isa = PBXFileReference; fileEncoding = 4; lastKnownFileType = sourcecode.swift; path = PDHCustomCircleButton.swift; sourceTree = "<group>"; };
		E5EB7ECE1C2B0BC90027F36B /* PDHCustomCircleLabel.swift */ = {isa = PBXFileReference; fileEncoding = 4; lastKnownFileType = sourcecode.swift; path = PDHCustomCircleLabel.swift; sourceTree = "<group>"; };
		E5EE2F4A1C26838000A1C92A /* PDHCustomImageView.swift */ = {isa = PBXFileReference; fileEncoding = 4; lastKnownFileType = sourcecode.swift; path = PDHCustomImageView.swift; sourceTree = "<group>"; };
		E5EF143C1C1D4C450097E70E /* PDHOverlayView.swift */ = {isa = PBXFileReference; fileEncoding = 4; lastKnownFileType = sourcecode.swift; path = PDHOverlayView.swift; sourceTree = "<group>"; };
		E5F08F911C12BF4E0017B703 /* PDHButton.swift */ = {isa = PBXFileReference; fileEncoding = 4; lastKnownFileType = sourcecode.swift; path = PDHButton.swift; sourceTree = "<group>"; };
/* End PBXFileReference section */

/* Begin PBXFrameworksBuildPhase section */
		E553E4A21C05F2D9007DD045 /* Frameworks */ = {
			isa = PBXFrameworksBuildPhase;
			buildActionMask = 2147483647;
			files = (
			);
			runOnlyForDeploymentPostprocessing = 0;
		};
/* End PBXFrameworksBuildPhase section */

/* Begin PBXGroup section */
		E5026B771C1F495200B1839E /* OrderConfirmation */ = {
			isa = PBXGroup;
			children = (
				E5026B791C1F495200B1839E /* Model */,
				E5026B781C1F495200B1839E /* Controller */,
				E5026B7A1C1F495200B1839E /* Views */,
			);
			path = OrderConfirmation;
			sourceTree = "<group>";
		};
		E5026B781C1F495200B1839E /* Controller */ = {
			isa = PBXGroup;
			children = (
				E5026B7B1C1F498000B1839E /* PDHOrderConfirmationViewController.swift */,
			);
			path = Controller;
			sourceTree = "<group>";
		};
		E5026B791C1F495200B1839E /* Model */ = {
			isa = PBXGroup;
			children = (
			);
			path = Model;
			sourceTree = "<group>";
		};
		E5026B7A1C1F495200B1839E /* Views */ = {
			isa = PBXGroup;
			children = (
				E5026B7D1C1F49B600B1839E /* PDHOrderConfirmationView.swift */,
			);
			path = Views;
			sourceTree = "<group>";
		};
		E505D0C71C13458400571A4B /* MenuView */ = {
			isa = PBXGroup;
			children = (
				E505D0C81C13458400571A4B /* Controller */,
				E505D0C91C13458400571A4B /* Model */,
				E505D0CA1C13458400571A4B /* Views */,
			);
			path = MenuView;
			sourceTree = "<group>";
		};
		E505D0C81C13458400571A4B /* Controller */ = {
			isa = PBXGroup;
			children = (
				E505D0CB1C1345AA00571A4B /* MenuViewController.swift */,
				E505D0CF1C1346C100571A4B /* DishMenuController.swift */,
			);
			path = Controller;
			sourceTree = "<group>";
		};
		E505D0C91C13458400571A4B /* Model */ = {
			isa = PBXGroup;
			children = (
			);
			path = Model;
			sourceTree = "<group>";
		};
		E505D0CA1C13458400571A4B /* Views */ = {
			isa = PBXGroup;
			children = (
				E56B6D8C1C173F47003E8E26 /* PDHMenuView.swift */,
				E56B6D901C1743D7003E8E26 /* PDHQuantitySelectorView.swift */,
			);
			path = Views;
			sourceTree = "<group>";
		};
		E5189DA01C077017008CC84C /* LandingPage */ = {
			isa = PBXGroup;
			children = (
				E5189DA11C077017008CC84C /* Controller */,
				E5189DA21C077017008CC84C /* DataManager */,
				E5189DA31C077017008CC84C /* DataModel */,
				E5189DA41C077017008CC84C /* DataParser */,
				E5189DA51C077017008CC84C /* Views */,
			);
			path = LandingPage;
			sourceTree = "<group>";
		};
		E5189DA11C077017008CC84C /* Controller */ = {
			isa = PBXGroup;
			children = (
				E5189DAC1C077036008CC84C /* LandingViewController.swift */,
			);
			path = Controller;
			sourceTree = "<group>";
		};
		E5189DA21C077017008CC84C /* DataManager */ = {
			isa = PBXGroup;
			children = (
			);
			path = DataManager;
			sourceTree = "<group>";
		};
		E5189DA31C077017008CC84C /* DataModel */ = {
			isa = PBXGroup;
			children = (
			);
			path = DataModel;
			sourceTree = "<group>";
		};
		E5189DA41C077017008CC84C /* DataParser */ = {
			isa = PBXGroup;
			children = (
			);
			path = DataParser;
			sourceTree = "<group>";
		};
		E5189DA51C077017008CC84C /* Views */ = {
			isa = PBXGroup;
			children = (
				E5189DB81C0770E5008CC84C /* LandingView.swift */,
			);
			path = Views;
			sourceTree = "<group>";
		};
		E5189DA61C077017008CC84C /* LoginPage */ = {
			isa = PBXGroup;
			children = (
				E5189DA71C077017008CC84C /* Controller */,
				E5189DA81C077017008CC84C /* DataManager */,
				E5189DA91C077017008CC84C /* DataModel */,
				E5189DAA1C077017008CC84C /* DataParser */,
				E5189DAB1C077017008CC84C /* Views */,
			);
			path = LoginPage;
			sourceTree = "<group>";
		};
		E5189DA71C077017008CC84C /* Controller */ = {
			isa = PBXGroup;
			children = (
				E5189DB01C07705E008CC84C /* LoginViewController.swift */,
			);
			path = Controller;
			sourceTree = "<group>";
		};
		E5189DA81C077017008CC84C /* DataManager */ = {
			isa = PBXGroup;
			children = (
			);
			path = DataManager;
			sourceTree = "<group>";
		};
		E5189DA91C077017008CC84C /* DataModel */ = {
			isa = PBXGroup;
			children = (
			);
			path = DataModel;
			sourceTree = "<group>";
		};
		E5189DAA1C077017008CC84C /* DataParser */ = {
			isa = PBXGroup;
			children = (
			);
			path = DataParser;
			sourceTree = "<group>";
		};
		E5189DAB1C077017008CC84C /* Views */ = {
			isa = PBXGroup;
			children = (
				E5189DB41C0770DB008CC84C /* LoginView.swift */,
			);
			path = Views;
			sourceTree = "<group>";
		};
		E521B8671C2DA9B8001253BC /* CurrentOrder */ = {
			isa = PBXGroup;
			children = (
				E521B8681C2DA9B8001253BC /* Controller */,
				E521B8691C2DA9B8001253BC /* Model */,
				E521B86A1C2DA9B8001253BC /* Views */,
			);
			path = CurrentOrder;
			sourceTree = "<group>";
		};
		E521B8681C2DA9B8001253BC /* Controller */ = {
			isa = PBXGroup;
			children = (
				E5C721FA1C2DB6E0005FAFD4 /* PDHCurrentOrderController.swift */,
			);
			path = Controller;
			sourceTree = "<group>";
		};
		E521B8691C2DA9B8001253BC /* Model */ = {
			isa = PBXGroup;
			children = (
			);
			path = Model;
			sourceTree = "<group>";
		};
		E521B86A1C2DA9B8001253BC /* Views */ = {
			isa = PBXGroup;
			children = (
				E5C721FC1C2DB6F2005FAFD4 /* PDHCurrentOrderView.swift */,
			);
			path = Views;
			sourceTree = "<group>";
		};
		E52F152E1C0815CE0027DE10 /* Helper */ = {
			isa = PBXGroup;
			children = (
				E52F152F1C0815E80027DE10 /* PDHHelper.swift */,
				E52F15331C081B430027DE10 /* PDHUtilityExtension.swift */,
				E52F154F1C0884B70027DE10 /* PDHActionEnum.swift */,
				E5EF143C1C1D4C450097E70E /* PDHOverlayView.swift */,
				E52F154B1C0883510027DE10 /* PDHViewActionProtocol.swift */,
			);
			path = Helper;
			sourceTree = "<group>";
		};
		E52F15371C081DE00027DE10 /* RegistrationPage */ = {
			isa = PBXGroup;
			children = (
				E52F15381C081DE00027DE10 /* Controller */,
				E52F15391C081DE00027DE10 /* DataManager */,
				E52F153A1C081DE00027DE10 /* DataModel */,
				E52F153B1C081DE00027DE10 /* DataParser */,
				E52F153C1C081DE00027DE10 /* Views */,
			);
			path = RegistrationPage;
			sourceTree = "<group>";
		};
		E52F15381C081DE00027DE10 /* Controller */ = {
			isa = PBXGroup;
			children = (
				E52F153F1C08233E0027DE10 /* RegistrationController.swift */,
			);
			path = Controller;
			sourceTree = "<group>";
		};
		E52F15391C081DE00027DE10 /* DataManager */ = {
			isa = PBXGroup;
			children = (
			);
			path = DataManager;
			sourceTree = "<group>";
		};
		E52F153A1C081DE00027DE10 /* DataModel */ = {
			isa = PBXGroup;
			children = (
			);
			path = DataModel;
			sourceTree = "<group>";
		};
		E52F153B1C081DE00027DE10 /* DataParser */ = {
			isa = PBXGroup;
			children = (
			);
			path = DataParser;
			sourceTree = "<group>";
		};
		E52F153C1C081DE00027DE10 /* Views */ = {
			isa = PBXGroup;
			children = (
				E52F153D1C0823250027DE10 /* RegistrationView.swift */,
			);
			path = Views;
			sourceTree = "<group>";
		};
		E52F15531C088A000027DE10 /* Common */ = {
			isa = PBXGroup;
			children = (
				E52F15541C088A0D0027DE10 /* PDHView.swift */,
				E5F08F911C12BF4E0017B703 /* PDHButton.swift */,
				E5E7802C1C15FD0300800B9C /* PDHCustomCurveView.swift */,
				E5EE2F4A1C26838000A1C92A /* PDHCustomImageView.swift */,
				E5EB7ECE1C2B0BC90027F36B /* PDHCustomCircleLabel.swift */,
				E5E780301C16045600800B9C /* PDHCustomCircleButton.swift */,
				E5368A851C16B5E600A487F1 /* PDHCustomStepper.swift */,
				E5368A891C16B62500A487F1 /* PDHCustomStepper.xib */,
			);
			path = Common;
			sourceTree = "<group>";
		};
		E534871F1C0F424700203548 /* Menu Screen */ = {
			isa = PBXGroup;
			children = (
				E53487201C0F424700203548 /* Controller */,
				E53487211C0F424700203548 /* Model */,
				E53487221C0F424700203548 /* View */,
			);
			path = "Menu Screen";
			sourceTree = "<group>";
		};
		E53487201C0F424700203548 /* Controller */ = {
			isa = PBXGroup;
			children = (
				E53487231C0F426C00203548 /* MenuScreenController.swift */,
				E59825A01C1200D20033F619 /* SlidingMenuController.swift */,
			);
			path = Controller;
			sourceTree = "<group>";
		};
		E53487211C0F424700203548 /* Model */ = {
			isa = PBXGroup;
			children = (
			);
			path = Model;
			sourceTree = "<group>";
		};
		E53487221C0F424700203548 /* View */ = {
			isa = PBXGroup;
			children = (
				E53487271C0F42D200203548 /* MenuScreenView.swift */,
				E534872B1C0F5C5C00203548 /* DishSearchTableView.swift */,
				E59825A21C1201200033F619 /* SlidingMenuView.swift */,
				E59825A41C1203850033F619 /* SlidingMenuCustomCell.swift */,
				E56B6D861C17286F003E8E26 /* PDHDishCustomCell.swift */,
				E53AB4481C26C8A9007494DA /* PDHMenuOptionsCell.swift */,
			);
			path = View;
			sourceTree = "<group>";
		};
		E53AB43B1C26C84C007494DA /* DishImages */ = {
			isa = PBXGroup;
			children = (
				E53AB44A1C26CE42007494DA /* MenuBg.png */,
				E53AB44B1C26CE42007494DA /* Profile.png */,
				E53AB44E1C26CECF007494DA /* MenuBg1.png */,
				E53AB43C1C26C84C007494DA /* 0.png */,
				E53AB43D1C26C84C007494DA /* 1.png */,
				E53AB43E1C26C84C007494DA /* 2.png */,
				E53AB43F1C26C84C007494DA /* 3.png */,
				E53AB4401C26C84C007494DA /* 4.png */,
				E53AB4411C26C84C007494DA /* 5.png */,
			);
			path = DishImages;
			sourceTree = "<group>";
		};
		E553E49C1C05F2D9007DD045 = {
			isa = PBXGroup;
			children = (
				E553E4A71C05F2D9007DD045 /* PDH */,
				E553E4A61C05F2D9007DD045 /* Products */,
			);
			sourceTree = "<group>";
		};
		E553E4A61C05F2D9007DD045 /* Products */ = {
			isa = PBXGroup;
			children = (
				E553E4A51C05F2D9007DD045 /* PDH.app */,
			);
			name = Products;
			sourceTree = "<group>";
		};
		E553E4A71C05F2D9007DD045 /* PDH */ = {
			isa = PBXGroup;
			children = (
				E553E4A81C05F2D9007DD045 /* AppDelegate.swift */,
				E52F15531C088A000027DE10 /* Common */,
				E52F152E1C0815CE0027DE10 /* Helper */,
				E5189DA01C077017008CC84C /* LandingPage */,
				E5189DA61C077017008CC84C /* LoginPage */,
				E52F15371C081DE00027DE10 /* RegistrationPage */,
				E534871F1C0F424700203548 /* Menu Screen */,
				E505D0C71C13458400571A4B /* MenuView */,
				E59AB29D1C1485F1003A8F19 /* OrderHistory */,
				E5DE86D81C1D9C760009EEAC /* DeliveryAddress */,
				E5026B771C1F495200B1839E /* OrderConfirmation */,
				E5DF0ED31C2C52FB0042300F /* AddressBook */,
				E5E493581C2D6C8500469745 /* MyOrder */,
				E521B8671C2DA9B8001253BC /* CurrentOrder */,
				E553E4AF1C05F2D9007DD045 /* Assets.xcassets */,
				E53AB43B1C26C84C007494DA /* DishImages */,
				E553E4AC1C05F2D9007DD045 /* Main.storyboard */,
				E553E4B11C05F2D9007DD045 /* LaunchScreen.storyboard */,
				E59B4F381C0CBA2B00D1B6E7 /* Resources */,
				E553E4B41C05F2D9007DD045 /* Info.plist */,
			);
			path = PDH;
			sourceTree = "<group>";
		};
		E59AB29D1C1485F1003A8F19 /* OrderHistory */ = {
			isa = PBXGroup;
			children = (
				E59AB29F1C1485F1003A8F19 /* Model */,
				E59AB29E1C1485F1003A8F19 /* Controller */,
				E59AB2A01C1485F1003A8F19 /* Views */,
			);
			path = OrderHistory;
			sourceTree = "<group>";
		};
		E59AB29E1C1485F1003A8F19 /* Controller */ = {
			isa = PBXGroup;
			children = (
				E59AB2A11C148623003A8F19 /* OrderHistoryController.swift */,
			);
			path = Controller;
			sourceTree = "<group>";
		};
		E59AB29F1C1485F1003A8F19 /* Model */ = {
			isa = PBXGroup;
			children = (
			);
			path = Model;
			sourceTree = "<group>";
		};
		E59AB2A01C1485F1003A8F19 /* Views */ = {
			isa = PBXGroup;
			children = (
				E59AB2A51C148632003A8F19 /* OrderHistoryView.swift */,
			);
			path = Views;
			sourceTree = "<group>";
		};
		E59B4F381C0CBA2B00D1B6E7 /* Resources */ = {
			isa = PBXGroup;
			children = (
				E59B4F391C0CBA5400D1B6E7 /* SkiaRegular.ttf */,
			);
			path = Resources;
			sourceTree = "<group>";
		};
		E5DE86D81C1D9C760009EEAC /* DeliveryAddress */ = {
			isa = PBXGroup;
			children = (
				E5DE86D91C1D9C760009EEAC /* Controller */,
				E5DE86DA1C1D9C760009EEAC /* Modal */,
				E5DE86DB1C1D9C760009EEAC /* Views */,
			);
			path = DeliveryAddress;
			sourceTree = "<group>";
		};
		E5DE86D91C1D9C760009EEAC /* Controller */ = {
			isa = PBXGroup;
			children = (
				E5DE86DC1C1D9CB20009EEAC /* PDHDeliveryAddressViewController.swift */,
			);
			path = Controller;
			sourceTree = "<group>";
		};
		E5DE86DA1C1D9C760009EEAC /* Modal */ = {
			isa = PBXGroup;
			children = (
			);
			path = Modal;
			sourceTree = "<group>";
		};
		E5DE86DB1C1D9C760009EEAC /* Views */ = {
			isa = PBXGroup;
			children = (
				E5DE86DE1C1D9CFC0009EEAC /* PDHDeliveryAddressView.swift */,
				E535E8D61C1DD7C200B4A9B7 /* PDHDeliveryAddressCustomCell.swift */,
				E535E8D41C1DD6E100B4A9B7 /* PDHEditAddressView.swift */,
				E535E8D21C1DD07D00B4A9B7 /* PDHEditAddressView.xib */,
			);
			path = Views;
			sourceTree = "<group>";
		};
		E5DF0ED31C2C52FB0042300F /* AddressBook */ = {
			isa = PBXGroup;
			children = (
				E5DF0ED41C2C52FB0042300F /* Controller */,
				E5DF0ED51C2C52FB0042300F /* Model */,
				E5DF0ED61C2C52FB0042300F /* Views */,
			);
			path = AddressBook;
			sourceTree = "<group>";
		};
		E5DF0ED41C2C52FB0042300F /* Controller */ = {
			isa = PBXGroup;
			children = (
				E5DF0ED71C2C53360042300F /* PDHAddressBookViewController.swift */,
			);
			path = Controller;
			sourceTree = "<group>";
		};
		E5DF0ED51C2C52FB0042300F /* Model */ = {
			isa = PBXGroup;
			children = (
			);
			path = Model;
			sourceTree = "<group>";
		};
		E5DF0ED61C2C52FB0042300F /* Views */ = {
			isa = PBXGroup;
			children = (
				E5DF0ED91C2C53740042300F /* PDHAddressBookView.swift */,
			);
			path = Views;
			sourceTree = "<group>";
		};
		E5E493581C2D6C8500469745 /* MyOrder */ = {
			isa = PBXGroup;
			children = (
				E5E493591C2D6C8500469745 /* Controller */,
				E5E4935A1C2D6C8500469745 /* Model */,
				E5E4935B1C2D6C8500469745 /* Views */,
			);
			path = MyOrder;
			sourceTree = "<group>";
		};
		E5E493591C2D6C8500469745 /* Controller */ = {
			isa = PBXGroup;
			children = (
				E5E4935C1C2D6CAF00469745 /* PDHMyOrderViewController.swift */,
			);
			path = Controller;
			sourceTree = "<group>";
		};
		E5E4935A1C2D6C8500469745 /* Model */ = {
			isa = PBXGroup;
			children = (
			);
			path = Model;
			sourceTree = "<group>";
		};
		E5E4935B1C2D6C8500469745 /* Views */ = {
			isa = PBXGroup;
			children = (
				E5E4935E1C2D6CE300469745 /* PDHMyOrderView.swift */,
			);
			path = Views;
			sourceTree = "<group>";
		};
/* End PBXGroup section */

/* Begin PBXNativeTarget section */
		E553E4A41C05F2D9007DD045 /* PDH */ = {
			isa = PBXNativeTarget;
			buildConfigurationList = E553E4CD1C05F2D9007DD045 /* Build configuration list for PBXNativeTarget "PDH" */;
			buildPhases = (
				E553E4A11C05F2D9007DD045 /* Sources */,
				E553E4A21C05F2D9007DD045 /* Frameworks */,
				E553E4A31C05F2D9007DD045 /* Resources */,
			);
			buildRules = (
			);
			dependencies = (
			);
			name = PDH;
			productName = PDH;
			productReference = E553E4A51C05F2D9007DD045 /* PDH.app */;
			productType = "com.apple.product-type.application";
		};
/* End PBXNativeTarget section */

/* Begin PBXProject section */
		E553E49D1C05F2D9007DD045 /* Project object */ = {
			isa = PBXProject;
			attributes = {
				CLASSPREFIX = PDH;
				LastSwiftUpdateCheck = 0710;
				LastUpgradeCheck = 0710;
				ORGANIZATIONNAME = "Anshul Solanki";
				TargetAttributes = {
					E553E4A41C05F2D9007DD045 = {
						CreatedOnToolsVersion = 7.1.1;
					};
				};
			};
			buildConfigurationList = E553E4A01C05F2D9007DD045 /* Build configuration list for PBXProject "PDH" */;
			compatibilityVersion = "Xcode 3.2";
			developmentRegion = English;
			hasScannedForEncodings = 0;
			knownRegions = (
				en,
				Base,
			);
			mainGroup = E553E49C1C05F2D9007DD045;
			productRefGroup = E553E4A61C05F2D9007DD045 /* Products */;
			projectDirPath = "";
			projectRoot = "";
			targets = (
				E553E4A41C05F2D9007DD045 /* PDH */,
			);
		};
/* End PBXProject section */

/* Begin PBXResourcesBuildPhase section */
		E553E4A31C05F2D9007DD045 /* Resources */ = {
			isa = PBXResourcesBuildPhase;
			buildActionMask = 2147483647;
			files = (
				E53AB4451C26C84C007494DA /* 3.png in Resources */,
				E553E4B31C05F2D9007DD045 /* LaunchScreen.storyboard in Resources */,
				E53AB4421C26C84C007494DA /* 0.png in Resources */,
				E553E4B01C05F2D9007DD045 /* Assets.xcassets in Resources */,
				E53AB44D1C26CE42007494DA /* Profile.png in Resources */,
				E59B4F3A1C0CBA5400D1B6E7 /* SkiaRegular.ttf in Resources */,
				E59B4F3E1C0CC39000D1B6E7 /* Info.plist in Resources */,
				E53AB4471C26C84C007494DA /* 5.png in Resources */,
				E53AB4441C26C84C007494DA /* 2.png in Resources */,
				E535E8D31C1DD07D00B4A9B7 /* PDHEditAddressView.xib in Resources */,
				E53AB4431C26C84C007494DA /* 1.png in Resources */,
				E53AB4461C26C84C007494DA /* 4.png in Resources */,
				E53AB44C1C26CE42007494DA /* MenuBg.png in Resources */,
				E53AB44F1C26CECF007494DA /* MenuBg1.png in Resources */,
				E5368A8A1C16B62500A487F1 /* PDHCustomStepper.xib in Resources */,
				E553E4AE1C05F2D9007DD045 /* Main.storyboard in Resources */,
			);
			runOnlyForDeploymentPostprocessing = 0;
		};
/* End PBXResourcesBuildPhase section */

/* Begin PBXSourcesBuildPhase section */
		E553E4A11C05F2D9007DD045 /* Sources */ = {
			isa = PBXSourcesBuildPhase;
			buildActionMask = 2147483647;
			files = (
				E52F154C1C0883510027DE10 /* PDHViewActionProtocol.swift in Sources */,
				E5368A861C16B5E600A487F1 /* PDHCustomStepper.swift in Sources */,
				E52F15501C0884B70027DE10 /* PDHActionEnum.swift in Sources */,
				E5DF0EDA1C2C53740042300F /* PDHAddressBookView.swift in Sources */,
				E5DE86DD1C1D9CB20009EEAC /* PDHDeliveryAddressViewController.swift in Sources */,
				E5026B7C1C1F498000B1839E /* PDHOrderConfirmationViewController.swift in Sources */,
				E5189DAD1C077036008CC84C /* LandingViewController.swift in Sources */,
				E52F15551C088A0D0027DE10 /* PDHView.swift in Sources */,
				E5C721FD1C2DB6F2005FAFD4 /* PDHCurrentOrderView.swift in Sources */,
				E535E8D71C1DD7C200B4A9B7 /* PDHDeliveryAddressCustomCell.swift in Sources */,
				E505D0D01C1346C100571A4B /* DishMenuController.swift in Sources */,
				E52F15401C08233E0027DE10 /* RegistrationController.swift in Sources */,
				E53487241C0F426C00203548 /* MenuScreenController.swift in Sources */,
				E59AB2A61C148632003A8F19 /* OrderHistoryView.swift in Sources */,
				E59AB2A21C148623003A8F19 /* OrderHistoryController.swift in Sources */,
				E534872C1C0F5C5C00203548 /* DishSearchTableView.swift in Sources */,
				E5E780311C16045600800B9C /* PDHCustomCircleButton.swift in Sources */,
				E5189DB91C0770E5008CC84C /* LandingView.swift in Sources */,
				E535E8D51C1DD6E100B4A9B7 /* PDHEditAddressView.swift in Sources */,
				E56B6D911C1743D7003E8E26 /* PDHQuantitySelectorView.swift in Sources */,
				E5189DB11C07705E008CC84C /* LoginViewController.swift in Sources */,
				E5E7802D1C15FD0300800B9C /* PDHCustomCurveView.swift in Sources */,
				E59825A11C1200D20033F619 /* SlidingMenuController.swift in Sources */,
				E56B6D871C17286F003E8E26 /* PDHDishCustomCell.swift in Sources */,
				E59825A51C1203850033F619 /* SlidingMenuCustomCell.swift in Sources */,
				E505D0CC1C1345AA00571A4B /* MenuViewController.swift in Sources */,
				E5EF143D1C1D4C450097E70E /* PDHOverlayView.swift in Sources */,
				E5E4935D1C2D6CAF00469745 /* PDHMyOrderViewController.swift in Sources */,
				E5026B7E1C1F49B600B1839E /* PDHOrderConfirmationView.swift in Sources */,
				E5EB7ECF1C2B0BC90027F36B /* PDHCustomCircleLabel.swift in Sources */,
				E5C721FB1C2DB6E0005FAFD4 /* PDHCurrentOrderController.swift in Sources */,
				E5189DB51C0770DB008CC84C /* LoginView.swift in Sources */,
				E5E4935F1C2D6CE300469745 /* PDHMyOrderView.swift in Sources */,
				E52F15301C0815E80027DE10 /* PDHHelper.swift in Sources */,
				E5DE86DF1C1D9CFC0009EEAC /* PDHDeliveryAddressView.swift in Sources */,
				E553E4A91C05F2D9007DD045 /* AppDelegate.swift in Sources */,
				E53AB4491C26C8A9007494DA /* PDHMenuOptionsCell.swift in Sources */,
				E5EE2F4B1C26838000A1C92A /* PDHCustomImageView.swift in Sources */,
				E53487281C0F42D200203548 /* MenuScreenView.swift in Sources */,
				E52F15341C081B430027DE10 /* PDHUtilityExtension.swift in Sources */,
				E56B6D8D1C173F47003E8E26 /* PDHMenuView.swift in Sources */,
				E5F08F921C12BF4E0017B703 /* PDHButton.swift in Sources */,
				E5DF0ED81C2C53360042300F /* PDHAddressBookViewController.swift in Sources */,
				E59825A31C1201200033F619 /* SlidingMenuView.swift in Sources */,
				E52F153E1C0823250027DE10 /* RegistrationView.swift in Sources */,
			);
			runOnlyForDeploymentPostprocessing = 0;
		};
/* End PBXSourcesBuildPhase section */

/* Begin PBXVariantGroup section */
		E553E4AC1C05F2D9007DD045 /* Main.storyboard */ = {
			isa = PBXVariantGroup;
			children = (
				E553E4AD1C05F2D9007DD045 /* Base */,
			);
			name = Main.storyboard;
			sourceTree = "<group>";
		};
		E553E4B11C05F2D9007DD045 /* LaunchScreen.storyboard */ = {
			isa = PBXVariantGroup;
			children = (
				E553E4B21C05F2D9007DD045 /* Base */,
			);
			name = LaunchScreen.storyboard;
			sourceTree = "<group>";
		};
/* End PBXVariantGroup section */

/* Begin XCBuildConfiguration section */
		E553E4CB1C05F2D9007DD045 /* Debug */ = {
			isa = XCBuildConfiguration;
			buildSettings = {
				ALWAYS_SEARCH_USER_PATHS = NO;
				CLANG_CXX_LANGUAGE_STANDARD = "gnu++0x";
				CLANG_CXX_LIBRARY = "libc++";
				CLANG_ENABLE_MODULES = YES;
				CLANG_ENABLE_OBJC_ARC = YES;
				CLANG_WARN_BOOL_CONVERSION = YES;
				CLANG_WARN_CONSTANT_CONVERSION = YES;
				CLANG_WARN_DIRECT_OBJC_ISA_USAGE = YES_ERROR;
				CLANG_WARN_EMPTY_BODY = YES;
				CLANG_WARN_ENUM_CONVERSION = YES;
				CLANG_WARN_INT_CONVERSION = YES;
				CLANG_WARN_OBJC_ROOT_CLASS = YES_ERROR;
				CLANG_WARN_UNREACHABLE_CODE = YES;
				CLANG_WARN__DUPLICATE_METHOD_MATCH = YES;
				"CODE_SIGN_IDENTITY[sdk=iphoneos*]" = "iPhone Developer";
				COPY_PHASE_STRIP = NO;
				DEBUG_INFORMATION_FORMAT = dwarf;
				ENABLE_STRICT_OBJC_MSGSEND = YES;
				ENABLE_TESTABILITY = YES;
				GCC_C_LANGUAGE_STANDARD = gnu99;
				GCC_DYNAMIC_NO_PIC = NO;
				GCC_NO_COMMON_BLOCKS = YES;
				GCC_OPTIMIZATION_LEVEL = 0;
				GCC_PREPROCESSOR_DEFINITIONS = (
					"DEBUG=1",
					"$(inherited)",
				);
				GCC_WARN_64_TO_32_BIT_CONVERSION = YES;
				GCC_WARN_ABOUT_RETURN_TYPE = YES_ERROR;
				GCC_WARN_UNDECLARED_SELECTOR = YES;
				GCC_WARN_UNINITIALIZED_AUTOS = YES_AGGRESSIVE;
				GCC_WARN_UNUSED_FUNCTION = YES;
				GCC_WARN_UNUSED_VARIABLE = YES;
				IPHONEOS_DEPLOYMENT_TARGET = 8.4;
				MTL_ENABLE_DEBUG_INFO = YES;
				ONLY_ACTIVE_ARCH = YES;
				SDKROOT = iphoneos;
				SWIFT_OPTIMIZATION_LEVEL = "-Onone";
			};
			name = Debug;
		};
		E553E4CC1C05F2D9007DD045 /* Release */ = {
			isa = XCBuildConfiguration;
			buildSettings = {
				ALWAYS_SEARCH_USER_PATHS = NO;
				CLANG_CXX_LANGUAGE_STANDARD = "gnu++0x";
				CLANG_CXX_LIBRARY = "libc++";
				CLANG_ENABLE_MODULES = YES;
				CLANG_ENABLE_OBJC_ARC = YES;
				CLANG_WARN_BOOL_CONVERSION = YES;
				CLANG_WARN_CONSTANT_CONVERSION = YES;
				CLANG_WARN_DIRECT_OBJC_ISA_USAGE = YES_ERROR;
				CLANG_WARN_EMPTY_BODY = YES;
				CLANG_WARN_ENUM_CONVERSION = YES;
				CLANG_WARN_INT_CONVERSION = YES;
				CLANG_WARN_OBJC_ROOT_CLASS = YES_ERROR;
				CLANG_WARN_UNREACHABLE_CODE = YES;
				CLANG_WARN__DUPLICATE_METHOD_MATCH = YES;
				"CODE_SIGN_IDENTITY[sdk=iphoneos*]" = "iPhone Developer";
				COPY_PHASE_STRIP = NO;
				DEBUG_INFORMATION_FORMAT = "dwarf-with-dsym";
				ENABLE_NS_ASSERTIONS = NO;
				ENABLE_STRICT_OBJC_MSGSEND = YES;
				GCC_C_LANGUAGE_STANDARD = gnu99;
				GCC_NO_COMMON_BLOCKS = YES;
				GCC_WARN_64_TO_32_BIT_CONVERSION = YES;
				GCC_WARN_ABOUT_RETURN_TYPE = YES_ERROR;
				GCC_WARN_UNDECLARED_SELECTOR = YES;
				GCC_WARN_UNINITIALIZED_AUTOS = YES_AGGRESSIVE;
				GCC_WARN_UNUSED_FUNCTION = YES;
				GCC_WARN_UNUSED_VARIABLE = YES;
				IPHONEOS_DEPLOYMENT_TARGET = 8.4;
				MTL_ENABLE_DEBUG_INFO = NO;
				SDKROOT = iphoneos;
				VALIDATE_PRODUCT = YES;
			};
			name = Release;
		};
		E553E4CE1C05F2D9007DD045 /* Debug */ = {
			isa = XCBuildConfiguration;
			buildSettings = {
				ASSETCATALOG_COMPILER_APPICON_NAME = AppIcon;
				INFOPLIST_FILE = PDH/Info.plist;
				LD_RUNPATH_SEARCH_PATHS = "$(inherited) @executable_path/Frameworks";
				OTHER_LDFLAGS = "";
				PRODUCT_BUNDLE_IDENTIFIER = com.pdh.PDH;
				PRODUCT_NAME = "$(TARGET_NAME)";
			};
			name = Debug;
		};
		E553E4CF1C05F2D9007DD045 /* Release */ = {
			isa = XCBuildConfiguration;
			buildSettings = {
				ASSETCATALOG_COMPILER_APPICON_NAME = AppIcon;
				INFOPLIST_FILE = PDH/Info.plist;
				LD_RUNPATH_SEARCH_PATHS = "$(inherited) @executable_path/Frameworks";
				OTHER_LDFLAGS = "";
				PRODUCT_BUNDLE_IDENTIFIER = com.pdh.PDH;
				PRODUCT_NAME = "$(TARGET_NAME)";
			};
			name = Release;
		};
/* End XCBuildConfiguration section */

/* Begin XCConfigurationList section */
		E553E4A01C05F2D9007DD045 /* Build configuration list for PBXProject "PDH" */ = {
			isa = XCConfigurationList;
			buildConfigurations = (
				E553E4CB1C05F2D9007DD045 /* Debug */,
				E553E4CC1C05F2D9007DD045 /* Release */,
			);
			defaultConfigurationIsVisible = 0;
			defaultConfigurationName = Release;
		};
		E553E4CD1C05F2D9007DD045 /* Build configuration list for PBXNativeTarget "PDH" */ = {
			isa = XCConfigurationList;
			buildConfigurations = (
				E553E4CE1C05F2D9007DD045 /* Debug */,
				E553E4CF1C05F2D9007DD045 /* Release */,
			);
			defaultConfigurationIsVisible = 0;
			defaultConfigurationName = Release;
		};
/* End XCConfigurationList section */
	};
	rootObject = E553E49D1C05F2D9007DD045 /* Project object */;
}
